PODS:
  - ReactiveDataDisplayManager (2.0.0)

DEPENDENCIES:
  - ReactiveDataDisplayManager (from `https://github.com/LastSprint/ReactiveDataDisplayManager.git`)

EXTERNAL SOURCES:
  ReactiveDataDisplayManager:
    :git: https://github.com/LastSprint/ReactiveDataDisplayManager.git

CHECKOUT OPTIONS:
  ReactiveDataDisplayManager:
    :commit: 6000e4e07e382ee09ec37334e67448591f004872
    :git: https://github.com/LastSprint/ReactiveDataDisplayManager.git

SPEC CHECKSUMS:
  ReactiveDataDisplayManager: a996b3262939bc73d18214ac06da5667049c63b2

PODFILE CHECKSUM: 91330d66668c4c0a4ae3a84d3996d55c2a9327d9

COCOAPODS: 1.3.1
