// !$*UTF8*$!
{
	archiveVersion = 1;
	classes = {
	};
	objectVersion = 51;
	objects = {

/* Begin PBXBuildFile section */
		5741FDBC2434AFDF0061BFDA /* bson in Resources */ = {isa = PBXBuildFile; fileRef = 5741FDBB2434AFDF0061BFDA /* bson */; };
		57DA0DFB24334CA900ED0AA8 /* AppDelegate.swift in Sources */ = {isa = PBXBuildFile; fileRef = 57DA0DFA24334CA900ED0AA8 /* AppDelegate.swift */; };
		57DA0DFF24334CA900ED0AA8 /* ViewController.swift in Sources */ = {isa = PBXBuildFile; fileRef = 57DA0DFE24334CA900ED0AA8 /* ViewController.swift */; };
		57DA0E0224334CA900ED0AA8 /* Main.storyboard in Resources */ = {isa = PBXBuildFile; fileRef = 57DA0E0024334CA900ED0AA8 /* Main.storyboard */; };
		57DA0E0424334CAB00ED0AA8 /* Assets.xcassets in Resources */ = {isa = PBXBuildFile; fileRef = 57DA0E0324334CAB00ED0AA8 /* Assets.xcassets */; };
		57DA0E0724334CAB00ED0AA8 /* LaunchScreen.storyboard in Resources */ = {isa = PBXBuildFile; fileRef = 57DA0E0524334CAB00ED0AA8 /* LaunchScreen.storyboard */; };
		57DA0E1024334F1100ED0AA8 /* UserEntry.swift in Sources */ = {isa = PBXBuildFile; fileRef = 57DA0E0F24334F1100ED0AA8 /* UserEntry.swift */; };
		6F33FDDCB015065A20790B63 /* Pods_BSONExample.framework in Frameworks */ = {isa = PBXBuildFile; fileRef = 5B1827B17672C4418499CB62 /* Pods_BSONExample.framework */; };
/* End PBXBuildFile section */

/* Begin PBXFileReference section */
		31441DD685914B1C878D28AD /* Pods-BSONExample.debug.xcconfig */ = {isa = PBXFileReference; includeInIndex = 1; lastKnownFileType = text.xcconfig; name = "Pods-BSONExample.debug.xcconfig"; path = "Target Support Files/Pods-BSONExample/Pods-BSONExample.debug.xcconfig"; sourceTree = "<group>"; };
		545A7834B4FC4C11012E3E0C /* Pods-BSONExample.release.xcconfig */ = {isa = PBXFileReference; includeInIndex = 1; lastKnownFileType = text.xcconfig; name = "Pods-BSONExample.release.xcconfig"; path = "Target Support Files/Pods-BSONExample/Pods-BSONExample.release.xcconfig"; sourceTree = "<group>"; };
		5741FDBB2434AFDF0061BFDA /* bson */ = {isa = PBXFileReference; lastKnownFileType = file; path = bson; sourceTree = "<group>"; };
		57DA0DF724334CA900ED0AA8 /* BSONExample.app */ = {isa = PBXFileReference; explicitFileType = wrapper.application; includeInIndex = 0; path = BSONExample.app; sourceTree = BUILT_PRODUCTS_DIR; };
		57DA0DFA24334CA900ED0AA8 /* AppDelegate.swift */ = {isa = PBXFileReference; lastKnownFileType = sourcecode.swift; path = AppDelegate.swift; sourceTree = "<group>"; };
		57DA0DFE24334CA900ED0AA8 /* ViewController.swift */ = {isa = PBXFileReference; lastKnownFileType = sourcecode.swift; path = ViewController.swift; sourceTree = "<group>"; };
		57DA0E0124334CA900ED0AA8 /* Base */ = {isa = PBXFileReference; lastKnownFileType = file.storyboard; name = Base; path = Base.lproj/Main.storyboard; sourceTree = "<group>"; };
		57DA0E0324334CAB00ED0AA8 /* Assets.xcassets */ = {isa = PBXFileReference; lastKnownFileType = folder.assetcatalog; path = Assets.xcassets; sourceTree = "<group>"; };
		57DA0E0624334CAB00ED0AA8 /* Base */ = {isa = PBXFileReference; lastKnownFileType = file.storyboard; name = Base; path = Base.lproj/LaunchScreen.storyboard; sourceTree = "<group>"; };
		57DA0E0824334CAB00ED0AA8 /* Info.plist */ = {isa = PBXFileReference; lastKnownFileType = text.plist.xml; path = Info.plist; sourceTree = "<group>"; };
		57DA0E0F24334F1100ED0AA8 /* UserEntry.swift */ = {isa = PBXFileReference; lastKnownFileType = sourcecode.swift; path = UserEntry.swift; sourceTree = "<group>"; };
		5B1827B17672C4418499CB62 /* Pods_BSONExample.framework */ = {isa = PBXFileReference; explicitFileType = wrapper.framework; includeInIndex = 0; path = Pods_BSONExample.framework; sourceTree = BUILT_PRODUCTS_DIR; };
/* End PBXFileReference section */

/* Begin PBXFrameworksBuildPhase section */
		57DA0DF424334CA900ED0AA8 /* Frameworks */ = {
			isa = PBXFrameworksBuildPhase;
			buildActionMask = 2147483647;
			files = (
				6F33FDDCB015065A20790B63 /* Pods_BSONExample.framework in Frameworks */,
			);
			runOnlyForDeploymentPostprocessing = 0;
		};
/* End PBXFrameworksBuildPhase section */

/* Begin PBXGroup section */
		57DA0DEE24334CA900ED0AA8 = {
			isa = PBXGroup;
			children = (
				57DA0DF924334CA900ED0AA8 /* BSONExample */,
				57DA0DF824334CA900ED0AA8 /* Products */,
				A12FE4861552206798911288 /* Pods */,
				C8DC85B42E585E7F734E4E0A /* Frameworks */,
			);
			sourceTree = "<group>";
		};
		57DA0DF824334CA900ED0AA8 /* Products */ = {
			isa = PBXGroup;
			children = (
				57DA0DF724334CA900ED0AA8 /* BSONExample.app */,
			);
			name = Products;
			sourceTree = "<group>";
		};
		57DA0DF924334CA900ED0AA8 /* BSONExample */ = {
			isa = PBXGroup;
			children = (
				57DA0E0E24334F0400ED0AA8 /* Models */,
				57DA0DFA24334CA900ED0AA8 /* AppDelegate.swift */,
				5741FDBB2434AFDF0061BFDA /* bson */,
				57DA0DFE24334CA900ED0AA8 /* ViewController.swift */,
				57DA0E0024334CA900ED0AA8 /* Main.storyboard */,
				57DA0E0324334CAB00ED0AA8 /* Assets.xcassets */,
				57DA0E0524334CAB00ED0AA8 /* LaunchScreen.storyboard */,
				57DA0E0824334CAB00ED0AA8 /* Info.plist */,
			);
			path = BSONExample;
			sourceTree = "<group>";
		};
		57DA0E0E24334F0400ED0AA8 /* Models */ = {
			isa = PBXGroup;
			children = (
				57DA0E0F24334F1100ED0AA8 /* UserEntry.swift */,
			);
			path = Models;
			sourceTree = "<group>";
		};
		A12FE4861552206798911288 /* Pods */ = {
			isa = PBXGroup;
			children = (
				31441DD685914B1C878D28AD /* Pods-BSONExample.debug.xcconfig */,
				545A7834B4FC4C11012E3E0C /* Pods-BSONExample.release.xcconfig */,
			);
			path = Pods;
			sourceTree = "<group>";
		};
		C8DC85B42E585E7F734E4E0A /* Frameworks */ = {
			isa = PBXGroup;
			children = (
				5B1827B17672C4418499CB62 /* Pods_BSONExample.framework */,
			);
			name = Frameworks;
			sourceTree = "<group>";
		};
/* End PBXGroup section */

/* Begin PBXNativeTarget section */
		57DA0DF624334CA900ED0AA8 /* BSONExample */ = {
			isa = PBXNativeTarget;
			buildConfigurationList = 57DA0E0B24334CAB00ED0AA8 /* Build configuration list for PBXNativeTarget "BSONExample" */;
			buildPhases = (
				C7092D44288A3C111A692D38 /* [CP] Check Pods Manifest.lock */,
				57DA0DF324334CA900ED0AA8 /* Sources */,
				57DA0DF424334CA900ED0AA8 /* Frameworks */,
				57DA0DF524334CA900ED0AA8 /* Resources */,
				6A705829F3F7F3E30CBA27BC /* [CP] Embed Pods Frameworks */,
			);
			buildRules = (
			);
			dependencies = (
			);
			name = BSONExample;
			productName = BSONExample;
			productReference = 57DA0DF724334CA900ED0AA8 /* BSONExample.app */;
			productType = "com.apple.product-type.application";
		};
/* End PBXNativeTarget section */

/* Begin PBXProject section */
		57DA0DEF24334CA900ED0AA8 /* Project object */ = {
			isa = PBXProject;
			attributes = {
				LastSwiftUpdateCheck = 1130;
				LastUpgradeCheck = 1130;
				ORGANIZATIONNAME = Fixique;
				TargetAttributes = {
					57DA0DF624334CA900ED0AA8 = {
						CreatedOnToolsVersion = 11.3;
					};
				};
			};
			buildConfigurationList = 57DA0DF224334CA900ED0AA8 /* Build configuration list for PBXProject "BSONExample" */;
			compatibilityVersion = "Xcode 9.3";
			developmentRegion = en;
			hasScannedForEncodings = 0;
			knownRegions = (
				en,
				Base,
			);
			mainGroup = 57DA0DEE24334CA900ED0AA8;
			productRefGroup = 57DA0DF824334CA900ED0AA8 /* Products */;
			projectDirPath = "";
			projectRoot = "";
			targets = (
				57DA0DF624334CA900ED0AA8 /* BSONExample */,
			);
		};
/* End PBXProject section */

/* Begin PBXResourcesBuildPhase section */
		57DA0DF524334CA900ED0AA8 /* Resources */ = {
			isa = PBXResourcesBuildPhase;
			buildActionMask = 2147483647;
			files = (
				57DA0E0724334CAB00ED0AA8 /* LaunchScreen.storyboard in Resources */,
				57DA0E0424334CAB00ED0AA8 /* Assets.xcassets in Resources */,
				5741FDBC2434AFDF0061BFDA /* bson in Resources */,
				57DA0E0224334CA900ED0AA8 /* Main.storyboard in Resources */,
			);
			runOnlyForDeploymentPostprocessing = 0;
		};
/* End PBXResourcesBuildPhase section */

/* Begin PBXShellScriptBuildPhase section */
		6A705829F3F7F3E30CBA27BC /* [CP] Embed Pods Frameworks */ = {
			isa = PBXShellScriptBuildPhase;
			buildActionMask = 2147483647;
			files = (
			);
			inputFileListPaths = (
				"${PODS_ROOT}/Target Support Files/Pods-BSONExample/Pods-BSONExample-frameworks-${CONFIGURATION}-input-files.xcfilelist",
			);
			name = "[CP] Embed Pods Frameworks";
			outputFileListPaths = (
				"${PODS_ROOT}/Target Support Files/Pods-BSONExample/Pods-BSONExample-frameworks-${CONFIGURATION}-output-files.xcfilelist",
			);
			runOnlyForDeploymentPostprocessing = 0;
			shellPath = /bin/sh;
			shellScript = "\"${PODS_ROOT}/Target Support Files/Pods-BSONExample/Pods-BSONExample-frameworks.sh\"\n";
			showEnvVarsInLog = 0;
		};
		C7092D44288A3C111A692D38 /* [CP] Check Pods Manifest.lock */ = {
			isa = PBXShellScriptBuildPhase;
			buildActionMask = 2147483647;
			files = (
			);
			inputFileListPaths = (
			);
			inputPaths = (
				"${PODS_PODFILE_DIR_PATH}/Podfile.lock",
				"${PODS_ROOT}/Manifest.lock",
			);
			name = "[CP] Check Pods Manifest.lock";
			outputFileListPaths = (
			);
			outputPaths = (
				"$(DERIVED_FILE_DIR)/Pods-BSONExample-checkManifestLockResult.txt",
			);
			runOnlyForDeploymentPostprocessing = 0;
			shellPath = /bin/sh;
			shellScript = "diff \"${PODS_PODFILE_DIR_PATH}/Podfile.lock\" \"${PODS_ROOT}/Manifest.lock\" > /dev/null\nif [ $? != 0 ] ; then\n    # print error to STDERR\n    echo \"error: The sandbox is not in sync with the Podfile.lock. Run 'pod install' or update your CocoaPods installation.\" >&2\n    exit 1\nfi\n# This output is used by Xcode 'outputs' to avoid re-running this script phase.\necho \"SUCCESS\" > \"${SCRIPT_OUTPUT_FILE_0}\"\n";
			showEnvVarsInLog = 0;
		};
/* End PBXShellScriptBuildPhase section */

/* Begin PBXSourcesBuildPhase section */
		57DA0DF324334CA900ED0AA8 /* Sources */ = {
			isa = PBXSourcesBuildPhase;
			buildActionMask = 2147483647;
			files = (
				57DA0DFF24334CA900ED0AA8 /* ViewController.swift in Sources */,
				57DA0DFB24334CA900ED0AA8 /* AppDelegate.swift in Sources */,
				57DA0E1024334F1100ED0AA8 /* UserEntry.swift in Sources */,
			);
			runOnlyForDeploymentPostprocessing = 0;
		};
/* End PBXSourcesBuildPhase section */

/* Begin PBXVariantGroup section */
		57DA0E0024334CA900ED0AA8 /* Main.storyboard */ = {
			isa = PBXVariantGroup;
			children = (
				57DA0E0124334CA900ED0AA8 /* Base */,
			);
			name = Main.storyboard;
			sourceTree = "<group>";
		};
		57DA0E0524334CAB00ED0AA8 /* LaunchScreen.storyboard */ = {
			isa = PBXVariantGroup;
			children = (
				57DA0E0624334CAB00ED0AA8 /* Base */,
			);
			name = LaunchScreen.storyboard;
			sourceTree = "<group>";
		};
/* End PBXVariantGroup section */

/* Begin XCBuildConfiguration section */
		57DA0E0924334CAB00ED0AA8 /* Debug */ = {
			isa = XCBuildConfiguration;
			buildSettings = {
				ALWAYS_SEARCH_USER_PATHS = NO;
				CLANG_ANALYZER_NONNULL = YES;
				CLANG_ANALYZER_NUMBER_OBJECT_CONVERSION = YES_AGGRESSIVE;
				CLANG_CXX_LANGUAGE_STANDARD = "gnu++14";
				CLANG_CXX_LIBRARY = "libc++";
				CLANG_ENABLE_MODULES = YES;
				CLANG_ENABLE_OBJC_ARC = YES;
				CLANG_ENABLE_OBJC_WEAK = YES;
				CLANG_WARN_BLOCK_CAPTURE_AUTORELEASING = YES;
				CLANG_WARN_BOOL_CONVERSION = YES;
				CLANG_WARN_COMMA = YES;
				CLANG_WARN_CONSTANT_CONVERSION = YES;
				CLANG_WARN_DEPRECATED_OBJC_IMPLEMENTATIONS = YES;
				CLANG_WARN_DIRECT_OBJC_ISA_USAGE = YES_ERROR;
				CLANG_WARN_DOCUMENTATION_COMMENTS = YES;
				CLANG_WARN_EMPTY_BODY = YES;
				CLANG_WARN_ENUM_CONVERSION = YES;
				CLANG_WARN_INFINITE_RECURSION = YES;
				CLANG_WARN_INT_CONVERSION = YES;
				CLANG_WARN_NON_LITERAL_NULL_CONVERSION = YES;
				CLANG_WARN_OBJC_IMPLICIT_RETAIN_SELF = YES;
				CLANG_WARN_OBJC_LITERAL_CONVERSION = YES;
				CLANG_WARN_OBJC_ROOT_CLASS = YES_ERROR;
				CLANG_WARN_RANGE_LOOP_ANALYSIS = YES;
				CLANG_WARN_STRICT_PROTOTYPES = YES;
				CLANG_WARN_SUSPICIOUS_MOVE = YES;
				CLANG_WARN_UNGUARDED_AVAILABILITY = YES_AGGRESSIVE;
				CLANG_WARN_UNREACHABLE_CODE = YES;
				CLANG_WARN__DUPLICATE_METHOD_MATCH = YES;
				COPY_PHASE_STRIP = NO;
				DEBUG_INFORMATION_FORMAT = dwarf;
				ENABLE_STRICT_OBJC_MSGSEND = YES;
				ENABLE_TESTABILITY = YES;
				GCC_C_LANGUAGE_STANDARD = gnu11;
				GCC_DYNAMIC_NO_PIC = NO;
				GCC_NO_COMMON_BLOCKS = YES;
				GCC_OPTIMIZATION_LEVEL = 0;
				GCC_PREPROCESSOR_DEFINITIONS = (
					"DEBUG=1",
					"$(inherited)",
				);
				GCC_WARN_64_TO_32_BIT_CONVERSION = YES;
				GCC_WARN_ABOUT_RETURN_TYPE = YES_ERROR;
				GCC_WARN_UNDECLARED_SELECTOR = YES;
				GCC_WARN_UNINITIALIZED_AUTOS = YES_AGGRESSIVE;
				GCC_WARN_UNUSED_FUNCTION = YES;
				GCC_WARN_UNUSED_VARIABLE = YES;
				IPHONEOS_DEPLOYMENT_TARGET = 13.2;
				MTL_ENABLE_DEBUG_INFO = INCLUDE_SOURCE;
				MTL_FAST_MATH = YES;
				ONLY_ACTIVE_ARCH = YES;
				SDKROOT = iphoneos;
				SWIFT_ACTIVE_COMPILATION_CONDITIONS = DEBUG;
				SWIFT_OPTIMIZATION_LEVEL = "-Onone";
			};
			name = Debug;
		};
		57DA0E0A24334CAB00ED0AA8 /* Release */ = {
			isa = XCBuildConfiguration;
			buildSettings = {
				ALWAYS_SEARCH_USER_PATHS = NO;
				CLANG_ANALYZER_NONNULL = YES;
				CLANG_ANALYZER_NUMBER_OBJECT_CONVERSION = YES_AGGRESSIVE;
				CLANG_CXX_LANGUAGE_STANDARD = "gnu++14";
				CLANG_CXX_LIBRARY = "libc++";
				CLANG_ENABLE_MODULES = YES;
				CLANG_ENABLE_OBJC_ARC = YES;
				CLANG_ENABLE_OBJC_WEAK = YES;
				CLANG_WARN_BLOCK_CAPTURE_AUTORELEASING = YES;
				CLANG_WARN_BOOL_CONVERSION = YES;
				CLANG_WARN_COMMA = YES;
				CLANG_WARN_CONSTANT_CONVERSION = YES;
				CLANG_WARN_DEPRECATED_OBJC_IMPLEMENTATIONS = YES;
				CLANG_WARN_DIRECT_OBJC_ISA_USAGE = YES_ERROR;
				CLANG_WARN_DOCUMENTATION_COMMENTS = YES;
				CLANG_WARN_EMPTY_BODY = YES;
				CLANG_WARN_ENUM_CONVERSION = YES;
				CLANG_WARN_INFINITE_RECURSION = YES;
				CLANG_WARN_INT_CONVERSION = YES;
				CLANG_WARN_NON_LITERAL_NULL_CONVERSION = YES;
				CLANG_WARN_OBJC_IMPLICIT_RETAIN_SELF = YES;
				CLANG_WARN_OBJC_LITERAL_CONVERSION = YES;
				CLANG_WARN_OBJC_ROOT_CLASS = YES_ERROR;
				CLANG_WARN_RANGE_LOOP_ANALYSIS = YES;
				CLANG_WARN_STRICT_PROTOTYPES = YES;
				CLANG_WARN_SUSPICIOUS_MOVE = YES;
				CLANG_WARN_UNGUARDED_AVAILABILITY = YES_AGGRESSIVE;
				CLANG_WARN_UNREACHABLE_CODE = YES;
				CLANG_WARN__DUPLICATE_METHOD_MATCH = YES;
				COPY_PHASE_STRIP = NO;
				DEBUG_INFORMATION_FORMAT = "dwarf-with-dsym";
				ENABLE_NS_ASSERTIONS = NO;
				ENABLE_STRICT_OBJC_MSGSEND = YES;
				GCC_C_LANGUAGE_STANDARD = gnu11;
				GCC_NO_COMMON_BLOCKS = YES;
				GCC_WARN_64_TO_32_BIT_CONVERSION = YES;
				GCC_WARN_ABOUT_RETURN_TYPE = YES_ERROR;
				GCC_WARN_UNDECLARED_SELECTOR = YES;
				GCC_WARN_UNINITIALIZED_AUTOS = YES_AGGRESSIVE;
				GCC_WARN_UNUSED_FUNCTION = YES;
				GCC_WARN_UNUSED_VARIABLE = YES;
				IPHONEOS_DEPLOYMENT_TARGET = 13.2;
				MTL_ENABLE_DEBUG_INFO = NO;
				MTL_FAST_MATH = YES;
				SDKROOT = iphoneos;
				SWIFT_COMPILATION_MODE = wholemodule;
				SWIFT_OPTIMIZATION_LEVEL = "-O";
				VALIDATE_PRODUCT = YES;
			};
			name = Release;
		};
		57DA0E0C24334CAB00ED0AA8 /* Debug */ = {
			isa = XCBuildConfiguration;
			baseConfigurationReference = 31441DD685914B1C878D28AD /* Pods-BSONExample.debug.xcconfig */;
			buildSettings = {
				ASSETCATALOG_COMPILER_APPICON_NAME = AppIcon;
				CODE_SIGN_STYLE = Automatic;
				DEVELOPMENT_TEAM = 3QP2FRGX8M;
				INFOPLIST_FILE = BSONExample/Info.plist;
				LD_RUNPATH_SEARCH_PATHS = (
					"$(inherited)",
					"@executable_path/Frameworks",
				);
				PRODUCT_BUNDLE_IDENTIFIER = ru.fixique.BSONExample;
				PRODUCT_NAME = "$(TARGET_NAME)";
				SWIFT_VERSION = 5.0;
				TARGETED_DEVICE_FAMILY = "1,2";
			};
			name = Debug;
		};
		57DA0E0D24334CAB00ED0AA8 /* Release */ = {
			isa = XCBuildConfiguration;
			baseConfigurationReference = 545A7834B4FC4C11012E3E0C /* Pods-BSONExample.release.xcconfig */;
			buildSettings = {
				ASSETCATALOG_COMPILER_APPICON_NAME = AppIcon;
				CODE_SIGN_STYLE = Automatic;
				DEVELOPMENT_TEAM = 3QP2FRGX8M;
				INFOPLIST_FILE = BSONExample/Info.plist;
				LD_RUNPATH_SEARCH_PATHS = (
					"$(inherited)",
					"@executable_path/Frameworks",
				);
				PRODUCT_BUNDLE_IDENTIFIER = ru.fixique.BSONExample;
				PRODUCT_NAME = "$(TARGET_NAME)";
				SWIFT_VERSION = 5.0;
				TARGETED_DEVICE_FAMILY = "1,2";
			};
			name = Release;
		};
/* End XCBuildConfiguration section */

/* Begin XCConfigurationList section */
		57DA0DF224334CA900ED0AA8 /* Build configuration list for PBXProject "BSONExample" */ = {
			isa = XCConfigurationList;
			buildConfigurations = (
				57DA0E0924334CAB00ED0AA8 /* Debug */,
				57DA0E0A24334CAB00ED0AA8 /* Release */,
			);
			defaultConfigurationIsVisible = 0;
			defaultConfigurationName = Release;
		};
		57DA0E0B24334CAB00ED0AA8 /* Build configuration list for PBXNativeTarget "BSONExample" */ = {
			isa = XCConfigurationList;
			buildConfigurations = (
				57DA0E0C24334CAB00ED0AA8 /* Debug */,
				57DA0E0D24334CAB00ED0AA8 /* Release */,
			);
			defaultConfigurationIsVisible = 0;
			defaultConfigurationName = Release;
		};
/* End XCConfigurationList section */
	};
	rootObject = 57DA0DEF24334CA900ED0AA8 /* Project object */;
}
