{
  "object": {
    "pins": [
      {
        "package": "CoreEvents",
        "repositoryURL": "https://github.com/surfstudio/CoreEvents",
        "state": {
          "branch": null,
          "revision": "35ea2dac82e61d7fa1fab1b10e0038d31ff3fd53",
          "version": "2.0.2"
        }
      }
    ]
  },
  "version": 1
}
