PODS:
  - Alamofire (5.0.0-beta.6)
  - CoreEvents (2.0.0)

DEPENDENCIES:
  - Alamofire (~> 5.0.0-beta.4)
  - CoreEvents (from `https://github.com/surfstudio/CoreEvents`, tag `2.0.1`)

SPEC REPOS:
  https://github.com/CocoaPods/Specs.git:
    - Alamofire

EXTERNAL SOURCES:
  CoreEvents:
    :git: https://github.com/surfstudio/CoreEvents
    :tag: 2.0.1

CHECKOUT OPTIONS:
  CoreEvents:
    :git: https://github.com/surfstudio/CoreEvents
    :tag: 2.0.1

SPEC CHECKSUMS:
  Alamofire: cd08a4402bd12cacd0c66f23fb12fec8d6b965e4
  CoreEvents: 4d0e45da41c36851236c57af0d8693571c04dfb9

PODFILE CHECKSUM: ea2fff5b3b70e91cd21a65596fcce3e65b9dbb49

COCOAPODS: 1.8.4
