PODS:
  - Alamofire (5.0.0-beta.6)
  - CoreEvents (2.0.1)

DEPENDENCIES:
  - Alamofire (= 5.0.0-beta.6)
  - CoreEvents (from `https://github.com/surfstudio/CoreEvents`, tag `2.0.2`)

SPEC REPOS:
  trunk:
    - Alamofire

EXTERNAL SOURCES:
  CoreEvents:
    :git: https://github.com/surfstudio/CoreEvents
    :tag: 2.0.2

CHECKOUT OPTIONS:
  CoreEvents:
    :git: https://github.com/surfstudio/CoreEvents
    :tag: 2.0.2

SPEC CHECKSUMS:
  Alamofire: cd08a4402bd12cacd0c66f23fb12fec8d6b965e4
  CoreEvents: ef9fb2d1bfe807e68a137ea2dae6988dcc9346fe

PODFILE CHECKSUM: d4d5316a7c24e4da95174cf3a762b520ebcd2951

COCOAPODS: 1.11.3
