PODS:
  - Alamofire (5.0.0-beta.6)
  - CoreEvents (2.0.0)

DEPENDENCIES:
  - Alamofire (= 5.0.0-beta.6)
  - CoreEvents (from `https://github.com/surfstudio/CoreEvents`, tag `2.0.1`)

SPEC REPOS:
  https://github.com/cocoapods/specs.git:
    - Alamofire

EXTERNAL SOURCES:
  CoreEvents:
    :git: https://github.com/surfstudio/CoreEvents
    :tag: 2.0.1

CHECKOUT OPTIONS:
  CoreEvents:
    :git: https://github.com/surfstudio/CoreEvents
    :tag: 2.0.1

SPEC CHECKSUMS:
  Alamofire: cd08a4402bd12cacd0c66f23fb12fec8d6b965e4
  CoreEvents: 4d0e45da41c36851236c57af0d8693571c04dfb9

PODFILE CHECKSUM: 7d1ca02896de8dd68de5347b03a506cb8e6a7990

COCOAPODS: 1.7.4
