// !$*UTF8*$!
{
	archiveVersion = 1;
	classes = {
	};
	objectVersion = 48;
	objects = {

/* Begin PBXBuildFile section */
		207B8A86135685E319686BA7 /* Pods_CoreNetKit_CoreNetKitIntegrationTests.framework in Frameworks */ = {isa = PBXBuildFile; fileRef = 5DFC7FE872C40ECD9CBA523D /* Pods_CoreNetKit_CoreNetKitIntegrationTests.framework */; };
		B1033D6621BD4E80001F5D03 /* ToJsonMapNode.swift in Sources */ = {isa = PBXBuildFile; fileRef = B1033D6521BD4E80001F5D03 /* ToJsonMapNode.swift */; };
		B1033D6821BD4E8B001F5D03 /* FromJsonMapNode.swift in Sources */ = {isa = PBXBuildFile; fileRef = B1033D6721BD4E8B001F5D03 /* FromJsonMapNode.swift */; };
		B10FB2402207966D004C65E3 /* ResponseDataPreprocessorNode.swift in Sources */ = {isa = PBXBuildFile; fileRef = B10FB23F2207966D004C65E3 /* ResponseDataPreprocessorNode.swift */; };
		B10FB24222079CA7004C65E3 /* ResponseDataParserNode.swift in Sources */ = {isa = PBXBuildFile; fileRef = B10FB24122079CA7004C65E3 /* ResponseDataParserNode.swift */; };
		B1118EEB21C8B72D007AD599 /* RawMappable.swift in Sources */ = {isa = PBXBuildFile; fileRef = B1118EEA21C8B72D007AD599 /* RawMappable.swift */; };
		B1118EED21C8B772007AD599 /* DTOConvertible.swift in Sources */ = {isa = PBXBuildFile; fileRef = B1118EEC21C8B772007AD599 /* DTOConvertible.swift */; };
		B1118EF021C8B7EE007AD599 /* ModelInputNode.swift in Sources */ = {isa = PBXBuildFile; fileRef = B1118EEF21C8B7EE007AD599 /* ModelInputNode.swift */; };
		B1118EF221C8C1B9007AD599 /* DTOMapperNode.swift in Sources */ = {isa = PBXBuildFile; fileRef = B1118EF121C8C1B9007AD599 /* DTOMapperNode.swift */; };
		B1118EF421C8C4AC007AD599 /* TransportNode.swift in Sources */ = {isa = PBXBuildFile; fileRef = B1118EF321C8C4AC007AD599 /* TransportNode.swift */; };
		B1118EF621C8C7E3007AD599 /* RequestCreatorNode.swift in Sources */ = {isa = PBXBuildFile; fileRef = B1118EF521C8C7E3007AD599 /* RequestCreatorNode.swift */; };
		B1118EF721C8CBDC007AD599 /* ResponseProcessorNode.swift in Sources */ = {isa = PBXBuildFile; fileRef = B1F0C6E921B1DDCF00382FA5 /* ResponseProcessorNode.swift */; };
		B1118EFA21C8CD8B007AD599 /* ServiceChain.swift in Sources */ = {isa = PBXBuildFile; fileRef = B1118EF921C8CD8B007AD599 /* ServiceChain.swift */; };
		B1848A132204822400F54705 /* UserEntry.swift in Sources */ = {isa = PBXBuildFile; fileRef = B1848A122204822400F54705 /* UserEntry.swift */; };
		B1848A15220483EC00F54705 /* EmptyModel.swift in Sources */ = {isa = PBXBuildFile; fileRef = B1848A14220483EC00F54705 /* EmptyModel.swift */; };
		B1B7613C2207A87100AE3303 /* Array+RawMappable.swift in Sources */ = {isa = PBXBuildFile; fileRef = B1B7613B2207A87100AE3303 /* Array+RawMappable.swift */; };
		B1B7613F2207A8A000AE3303 /* Array+DtoConvertible.swift in Sources */ = {isa = PBXBuildFile; fileRef = B1B7613E2207A8A000AE3303 /* Array+DtoConvertible.swift */; };
		B1B761412207B0B700AE3303 /* FormUrlCodingTests.swift in Sources */ = {isa = PBXBuildFile; fileRef = B1B761402207B0B700AE3303 /* FormUrlCodingTests.swift */; };
		B1B761432207B0C600AE3303 /* Credentials.swift in Sources */ = {isa = PBXBuildFile; fileRef = B1B761422207B0C600AE3303 /* Credentials.swift */; };
		B1B761452207B13B00AE3303 /* CredentialsEntry.swift in Sources */ = {isa = PBXBuildFile; fileRef = B1B761442207B13B00AE3303 /* CredentialsEntry.swift */; };
		B1B761482207B34700AE3303 /* AuthModelEntry.swift in Sources */ = {isa = PBXBuildFile; fileRef = B1B761472207B34700AE3303 /* AuthModelEntry.swift */; };
		B1B7614A2207B39A00AE3303 /* AuthModel.swift in Sources */ = {isa = PBXBuildFile; fileRef = B1B761492207B39A00AE3303 /* AuthModel.swift */; };
		B1B7614C2207B5D700AE3303 /* ResponseHttpErrorProcessorNode.swift in Sources */ = {isa = PBXBuildFile; fileRef = B1B7614B2207B5D700AE3303 /* ResponseHttpErrorProcessorNode.swift */; };
		B1B7614E2207C16000AE3303 /* TestEmptyResponseMapping.swift in Sources */ = {isa = PBXBuildFile; fileRef = B1B7614D2207C16000AE3303 /* TestEmptyResponseMapping.swift */; };
		B1BED9F421FF4D6F000B9018 /* SimpleURLChainTests.swift in Sources */ = {isa = PBXBuildFile; fileRef = B1BED9F321FF4D6F000B9018 /* SimpleURLChainTests.swift */; };
		B1BED9F721FF4E2A000B9018 /* Chains+HTTP-JSON.swift in Sources */ = {isa = PBXBuildFile; fileRef = B1BED9F621FF4E2A000B9018 /* Chains+HTTP-JSON.swift */; };
		B1BED9F921FF75A9000B9018 /* Chains.swift in Sources */ = {isa = PBXBuildFile; fileRef = B1BED9F821FF75A9000B9018 /* Chains.swift */; };
		B1BED9FB21FF78EE000B9018 /* Infrastructure.swift in Sources */ = {isa = PBXBuildFile; fileRef = B1BED9FA21FF78EE000B9018 /* Infrastructure.swift */; };
		B1BED9FE21FF7BC0000B9018 /* User.swift in Sources */ = {isa = PBXBuildFile; fileRef = B1BED9FD21FF7BC0000B9018 /* User.swift */; };
		B1C3254921CFEC1D0059EF33 /* CoreNetKitUnitTests.swift in Sources */ = {isa = PBXBuildFile; fileRef = B1C3254821CFEC1D0059EF33 /* CoreNetKitUnitTests.swift */; };
		B1C3254B21CFEC1D0059EF33 /* CoreNetKit.framework in Frameworks */ = {isa = PBXBuildFile; fileRef = B94310AA1F931CC000E8A9BA /* CoreNetKit.framework */; };
		B1C3255A21CFEC480059EF33 /* CoreNetKit.framework in Frameworks */ = {isa = PBXBuildFile; fileRef = B94310AA1F931CC000E8A9BA /* CoreNetKit.framework */; };
		B1C3256621D1251B0059EF33 /* CodableRawMapper.swift in Sources */ = {isa = PBXBuildFile; fileRef = B1C3256521D1251B0059EF33 /* CodableRawMapper.swift */; };
		B1F0C6FF21B1DDCF00382FA5 /* ReqestSenderNode.swift in Sources */ = {isa = PBXBuildFile; fileRef = B1F0C6EA21B1DDCF00382FA5 /* ReqestSenderNode.swift */; };
		B1F0C70121B1DDCF00382FA5 /* AsyncContext.swift in Sources */ = {isa = PBXBuildFile; fileRef = B1F0C6EE21B1DDCF00382FA5 /* AsyncContext.swift */; };
		B1F0C70221B1DDCF00382FA5 /* Context+Operations.swift in Sources */ = {isa = PBXBuildFile; fileRef = B1F0C6EF21B1DDCF00382FA5 /* Context+Operations.swift */; };
		B1F0C70321B1DDCF00382FA5 /* Context.swift in Sources */ = {isa = PBXBuildFile; fileRef = B1F0C6F021B1DDCF00382FA5 /* Context.swift */; };
		B1F0C70421B1DDCF00382FA5 /* Observable.swift in Sources */ = {isa = PBXBuildFile; fileRef = B1F0C6F121B1DDCF00382FA5 /* Observable.swift */; };
		B1F0C70521B1DDCF00382FA5 /* UrlCacheReaderNode.swift in Sources */ = {isa = PBXBuildFile; fileRef = B1F0C6F321B1DDCF00382FA5 /* UrlCacheReaderNode.swift */; };
		B1F0C70721B1DDCF00382FA5 /* UrlCacheWriterNode.swift in Sources */ = {isa = PBXBuildFile; fileRef = B1F0C6F521B1DDCF00382FA5 /* UrlCacheWriterNode.swift */; };
		B1F0C70A21B1DDCF00382FA5 /* Node.swift in Sources */ = {isa = PBXBuildFile; fileRef = B1F0C6FA21B1DDCF00382FA5 /* Node.swift */; };
		B94310AF1F931CC000E8A9BA /* CoreNetKit.h in Headers */ = {isa = PBXBuildFile; fileRef = B94310AD1F931CC000E8A9BA /* CoreNetKit.h */; settings = {ATTRIBUTES = (Public, ); }; };
		F850843585A22770DB437F08 /* Pods_CoreNetKit.framework in Frameworks */ = {isa = PBXBuildFile; fileRef = B1E45F76645C0817BCA1818E /* Pods_CoreNetKit.framework */; };
/* End PBXBuildFile section */

/* Begin PBXContainerItemProxy section */
		B1C3254C21CFEC1D0059EF33 /* PBXContainerItemProxy */ = {
			isa = PBXContainerItemProxy;
			containerPortal = B94310A11F931CC000E8A9BA /* Project object */;
			proxyType = 1;
			remoteGlobalIDString = B94310A91F931CC000E8A9BA;
			remoteInfo = CoreNetKit;
		};
		B1C3255B21CFEC480059EF33 /* PBXContainerItemProxy */ = {
			isa = PBXContainerItemProxy;
			containerPortal = B94310A11F931CC000E8A9BA /* Project object */;
			proxyType = 1;
			remoteGlobalIDString = B94310A91F931CC000E8A9BA;
			remoteInfo = CoreNetKit;
		};
/* End PBXContainerItemProxy section */

/* Begin PBXFileReference section */
		05B162D9B2879928470AB6C1 /* Pods-CoreNetKit-CoreNetKitIntegrationTests.debug.xcconfig */ = {isa = PBXFileReference; includeInIndex = 1; lastKnownFileType = text.xcconfig; name = "Pods-CoreNetKit-CoreNetKitIntegrationTests.debug.xcconfig"; path = "Pods/Target Support Files/Pods-CoreNetKit-CoreNetKitIntegrationTests/Pods-CoreNetKit-CoreNetKitIntegrationTests.debug.xcconfig"; sourceTree = "<group>"; };
		33F1057477312FC587FBCC54 /* Pods-CoreNetKit-CoreNetKitIntegrationTests.release.xcconfig */ = {isa = PBXFileReference; includeInIndex = 1; lastKnownFileType = text.xcconfig; name = "Pods-CoreNetKit-CoreNetKitIntegrationTests.release.xcconfig"; path = "Pods/Target Support Files/Pods-CoreNetKit-CoreNetKitIntegrationTests/Pods-CoreNetKit-CoreNetKitIntegrationTests.release.xcconfig"; sourceTree = "<group>"; };
		4F290E291FE4046E00FFCCF2 /* CoreServerRequest.swift */ = {isa = PBXFileReference; lastKnownFileType = sourcecode.swift; path = CoreServerRequest.swift; sourceTree = "<group>"; };
		4F290E2B1FE4047D00FFCCF2 /* CoreServerResponse.swift */ = {isa = PBXFileReference; lastKnownFileType = sourcecode.swift; path = CoreServerResponse.swift; sourceTree = "<group>"; };
		4F290E2D1FE4064D00FFCCF2 /* ResponseResult.swift */ = {isa = PBXFileReference; lastKnownFileType = sourcecode.swift; path = ResponseResult.swift; sourceTree = "<group>"; };
		4FA424282075D4AC004AEDF6 /* TokenProvider.swift */ = {isa = PBXFileReference; lastKnownFileType = sourcecode.swift; path = TokenProvider.swift; sourceTree = "<group>"; };
		5DFC7FE872C40ECD9CBA523D /* Pods_CoreNetKit_CoreNetKitIntegrationTests.framework */ = {isa = PBXFileReference; explicitFileType = wrapper.framework; includeInIndex = 0; path = Pods_CoreNetKit_CoreNetKitIntegrationTests.framework; sourceTree = BUILT_PRODUCTS_DIR; };
		9AF2A9A1A9CD5898CBBC5776 /* Pods-CoreNetKit.release.xcconfig */ = {isa = PBXFileReference; includeInIndex = 1; lastKnownFileType = text.xcconfig; name = "Pods-CoreNetKit.release.xcconfig"; path = "Pods/Target Support Files/Pods-CoreNetKit/Pods-CoreNetKit.release.xcconfig"; sourceTree = "<group>"; };
		B1033D6521BD4E80001F5D03 /* ToJsonMapNode.swift */ = {isa = PBXFileReference; lastKnownFileType = sourcecode.swift; path = ToJsonMapNode.swift; sourceTree = "<group>"; };
		B1033D6721BD4E8B001F5D03 /* FromJsonMapNode.swift */ = {isa = PBXFileReference; lastKnownFileType = sourcecode.swift; path = FromJsonMapNode.swift; sourceTree = "<group>"; };
		B10FB23F2207966D004C65E3 /* ResponseDataPreprocessorNode.swift */ = {isa = PBXFileReference; lastKnownFileType = sourcecode.swift; path = ResponseDataPreprocessorNode.swift; sourceTree = "<group>"; };
		B10FB24122079CA7004C65E3 /* ResponseDataParserNode.swift */ = {isa = PBXFileReference; lastKnownFileType = sourcecode.swift; path = ResponseDataParserNode.swift; sourceTree = "<group>"; };
		B1118EEA21C8B72D007AD599 /* RawMappable.swift */ = {isa = PBXFileReference; lastKnownFileType = sourcecode.swift; path = RawMappable.swift; sourceTree = "<group>"; };
		B1118EEC21C8B772007AD599 /* DTOConvertible.swift */ = {isa = PBXFileReference; lastKnownFileType = sourcecode.swift; path = DTOConvertible.swift; sourceTree = "<group>"; };
		B1118EEF21C8B7EE007AD599 /* ModelInputNode.swift */ = {isa = PBXFileReference; lastKnownFileType = sourcecode.swift; path = ModelInputNode.swift; sourceTree = "<group>"; };
		B1118EF121C8C1B9007AD599 /* DTOMapperNode.swift */ = {isa = PBXFileReference; lastKnownFileType = sourcecode.swift; path = DTOMapperNode.swift; sourceTree = "<group>"; };
		B1118EF321C8C4AC007AD599 /* TransportNode.swift */ = {isa = PBXFileReference; lastKnownFileType = sourcecode.swift; path = TransportNode.swift; sourceTree = "<group>"; };
		B1118EF521C8C7E3007AD599 /* RequestCreatorNode.swift */ = {isa = PBXFileReference; lastKnownFileType = sourcecode.swift; path = RequestCreatorNode.swift; sourceTree = "<group>"; };
		B1118EF921C8CD8B007AD599 /* ServiceChain.swift */ = {isa = PBXFileReference; lastKnownFileType = sourcecode.swift; path = ServiceChain.swift; sourceTree = "<group>"; };
		B1848A122204822400F54705 /* UserEntry.swift */ = {isa = PBXFileReference; lastKnownFileType = sourcecode.swift; path = UserEntry.swift; sourceTree = "<group>"; };
		B1848A14220483EC00F54705 /* EmptyModel.swift */ = {isa = PBXFileReference; lastKnownFileType = sourcecode.swift; path = EmptyModel.swift; sourceTree = "<group>"; };
		B1B7613B2207A87100AE3303 /* Array+RawMappable.swift */ = {isa = PBXFileReference; lastKnownFileType = sourcecode.swift; path = "Array+RawMappable.swift"; sourceTree = "<group>"; };
		B1B7613E2207A8A000AE3303 /* Array+DtoConvertible.swift */ = {isa = PBXFileReference; lastKnownFileType = sourcecode.swift; path = "Array+DtoConvertible.swift"; sourceTree = "<group>"; };
		B1B761402207B0B700AE3303 /* FormUrlCodingTests.swift */ = {isa = PBXFileReference; lastKnownFileType = sourcecode.swift; path = FormUrlCodingTests.swift; sourceTree = "<group>"; };
		B1B761422207B0C600AE3303 /* Credentials.swift */ = {isa = PBXFileReference; lastKnownFileType = sourcecode.swift; path = Credentials.swift; sourceTree = "<group>"; };
		B1B761442207B13B00AE3303 /* CredentialsEntry.swift */ = {isa = PBXFileReference; lastKnownFileType = sourcecode.swift; path = CredentialsEntry.swift; sourceTree = "<group>"; };
		B1B761472207B34700AE3303 /* AuthModelEntry.swift */ = {isa = PBXFileReference; lastKnownFileType = sourcecode.swift; path = AuthModelEntry.swift; sourceTree = "<group>"; };
		B1B761492207B39A00AE3303 /* AuthModel.swift */ = {isa = PBXFileReference; lastKnownFileType = sourcecode.swift; path = AuthModel.swift; sourceTree = "<group>"; };
		B1B7614B2207B5D700AE3303 /* ResponseHttpErrorProcessorNode.swift */ = {isa = PBXFileReference; lastKnownFileType = sourcecode.swift; path = ResponseHttpErrorProcessorNode.swift; sourceTree = "<group>"; };
		B1B7614D2207C16000AE3303 /* TestEmptyResponseMapping.swift */ = {isa = PBXFileReference; lastKnownFileType = sourcecode.swift; path = TestEmptyResponseMapping.swift; sourceTree = "<group>"; };
		B1BED9F321FF4D6F000B9018 /* SimpleURLChainTests.swift */ = {isa = PBXFileReference; lastKnownFileType = sourcecode.swift; path = SimpleURLChainTests.swift; sourceTree = "<group>"; };
		B1BED9F621FF4E2A000B9018 /* Chains+HTTP-JSON.swift */ = {isa = PBXFileReference; lastKnownFileType = sourcecode.swift; path = "Chains+HTTP-JSON.swift"; sourceTree = "<group>"; };
		B1BED9F821FF75A9000B9018 /* Chains.swift */ = {isa = PBXFileReference; lastKnownFileType = sourcecode.swift; path = Chains.swift; sourceTree = "<group>"; };
		B1BED9FA21FF78EE000B9018 /* Infrastructure.swift */ = {isa = PBXFileReference; lastKnownFileType = sourcecode.swift; path = Infrastructure.swift; sourceTree = "<group>"; };
		B1BED9FD21FF7BC0000B9018 /* User.swift */ = {isa = PBXFileReference; lastKnownFileType = sourcecode.swift; path = User.swift; sourceTree = "<group>"; };
		B1C3254621CFEC1D0059EF33 /* CoreNetKitUnitTests.xctest */ = {isa = PBXFileReference; explicitFileType = wrapper.cfbundle; includeInIndex = 0; path = CoreNetKitUnitTests.xctest; sourceTree = BUILT_PRODUCTS_DIR; };
		B1C3254821CFEC1D0059EF33 /* CoreNetKitUnitTests.swift */ = {isa = PBXFileReference; lastKnownFileType = sourcecode.swift; path = CoreNetKitUnitTests.swift; sourceTree = "<group>"; };
		B1C3254A21CFEC1D0059EF33 /* Info.plist */ = {isa = PBXFileReference; lastKnownFileType = text.plist.xml; path = Info.plist; sourceTree = "<group>"; };
		B1C3255521CFEC480059EF33 /* CoreNetKitIntegrationTests.xctest */ = {isa = PBXFileReference; explicitFileType = wrapper.cfbundle; includeInIndex = 0; path = CoreNetKitIntegrationTests.xctest; sourceTree = BUILT_PRODUCTS_DIR; };
		B1C3255921CFEC480059EF33 /* Info.plist */ = {isa = PBXFileReference; lastKnownFileType = text.plist.xml; path = Info.plist; sourceTree = "<group>"; };
		B1C3256521D1251B0059EF33 /* CodableRawMapper.swift */ = {isa = PBXFileReference; lastKnownFileType = sourcecode.swift; path = CodableRawMapper.swift; sourceTree = "<group>"; };
		B1E45F76645C0817BCA1818E /* Pods_CoreNetKit.framework */ = {isa = PBXFileReference; explicitFileType = wrapper.framework; includeInIndex = 0; path = Pods_CoreNetKit.framework; sourceTree = BUILT_PRODUCTS_DIR; };
		B1F0C6E721B1DDCF00382FA5 /* TrasportNode.swift */ = {isa = PBXFileReference; fileEncoding = 4; lastKnownFileType = sourcecode.swift; path = TrasportNode.swift; sourceTree = "<group>"; };
		B1F0C6E821B1DDCF00382FA5 /* HeaderAttacher.swift */ = {isa = PBXFileReference; fileEncoding = 4; lastKnownFileType = sourcecode.swift; path = HeaderAttacher.swift; sourceTree = "<group>"; };
		B1F0C6E921B1DDCF00382FA5 /* ResponseProcessorNode.swift */ = {isa = PBXFileReference; fileEncoding = 4; lastKnownFileType = sourcecode.swift; path = ResponseProcessorNode.swift; sourceTree = "<group>"; };
		B1F0C6EA21B1DDCF00382FA5 /* ReqestSenderNode.swift */ = {isa = PBXFileReference; fileEncoding = 4; lastKnownFileType = sourcecode.swift; path = ReqestSenderNode.swift; sourceTree = "<group>"; };
		B1F0C6EB21B1DDCF00382FA5 /* JsonNetworkNode.swift */ = {isa = PBXFileReference; fileEncoding = 4; lastKnownFileType = sourcecode.swift; path = JsonNetworkNode.swift; sourceTree = "<group>"; };
		B1F0C6EE21B1DDCF00382FA5 /* AsyncContext.swift */ = {isa = PBXFileReference; fileEncoding = 4; lastKnownFileType = sourcecode.swift; path = AsyncContext.swift; sourceTree = "<group>"; };
		B1F0C6EF21B1DDCF00382FA5 /* Context+Operations.swift */ = {isa = PBXFileReference; fileEncoding = 4; lastKnownFileType = sourcecode.swift; path = "Context+Operations.swift"; sourceTree = "<group>"; };
		B1F0C6F021B1DDCF00382FA5 /* Context.swift */ = {isa = PBXFileReference; fileEncoding = 4; lastKnownFileType = sourcecode.swift; path = Context.swift; sourceTree = "<group>"; };
		B1F0C6F121B1DDCF00382FA5 /* Observable.swift */ = {isa = PBXFileReference; fileEncoding = 4; lastKnownFileType = sourcecode.swift; path = Observable.swift; sourceTree = "<group>"; };
		B1F0C6F321B1DDCF00382FA5 /* UrlCacheReaderNode.swift */ = {isa = PBXFileReference; fileEncoding = 4; lastKnownFileType = sourcecode.swift; path = UrlCacheReaderNode.swift; sourceTree = "<group>"; };
		B1F0C6F421B1DDCF00382FA5 /* FirstCachePolicyNode.swift */ = {isa = PBXFileReference; fileEncoding = 4; lastKnownFileType = sourcecode.swift; path = FirstCachePolicyNode.swift; sourceTree = "<group>"; };
		B1F0C6F521B1DDCF00382FA5 /* UrlCacheWriterNode.swift */ = {isa = PBXFileReference; fileEncoding = 4; lastKnownFileType = sourcecode.swift; path = UrlCacheWriterNode.swift; sourceTree = "<group>"; };
		B1F0C6FA21B1DDCF00382FA5 /* Node.swift */ = {isa = PBXFileReference; fileEncoding = 4; lastKnownFileType = sourcecode.swift; path = Node.swift; sourceTree = "<group>"; };
		B94310AA1F931CC000E8A9BA /* CoreNetKit.framework */ = {isa = PBXFileReference; explicitFileType = wrapper.framework; includeInIndex = 0; path = CoreNetKit.framework; sourceTree = BUILT_PRODUCTS_DIR; };
		B94310AD1F931CC000E8A9BA /* CoreNetKit.h */ = {isa = PBXFileReference; lastKnownFileType = sourcecode.c.h; path = CoreNetKit.h; sourceTree = "<group>"; };
		B94310AE1F931CC000E8A9BA /* Info.plist */ = {isa = PBXFileReference; lastKnownFileType = text.plist.xml; path = Info.plist; sourceTree = "<group>"; };
		B94310CD1F9322AC00E8A9BA /* PassiveContextProtocol.swift */ = {isa = PBXFileReference; lastKnownFileType = sourcecode.swift; path = PassiveContextProtocol.swift; sourceTree = "<group>"; };
		B94310CE1F9322AC00E8A9BA /* ActionableContext.swift */ = {isa = PBXFileReference; lastKnownFileType = sourcecode.swift; path = ActionableContext.swift; sourceTree = "<group>"; };
		B94310D11F9322AC00E8A9BA /* ActiveRequestContext.swift */ = {isa = PBXFileReference; lastKnownFileType = sourcecode.swift; path = ActiveRequestContext.swift; sourceTree = "<group>"; };
		B94310D21F9322AC00E8A9BA /* PassiveRequestContext.swift */ = {isa = PBXFileReference; lastKnownFileType = sourcecode.swift; path = PassiveRequestContext.swift; sourceTree = "<group>"; };
		B94310D31F9322AC00E8A9BA /* HandleRequestContext.swift */ = {isa = PBXFileReference; lastKnownFileType = sourcecode.swift; path = HandleRequestContext.swift; sourceTree = "<group>"; };
		B94310D51F9322AC00E8A9BA /* ErrorMapperAdapter.swift */ = {isa = PBXFileReference; lastKnownFileType = sourcecode.swift; path = ErrorMapperAdapter.swift; sourceTree = "<group>"; };
		B94310D71F9322AC00E8A9BA /* ServicePaginator + AsyncIterator.swift */ = {isa = PBXFileReference; lastKnownFileType = sourcecode.swift; path = "ServicePaginator + AsyncIterator.swift"; sourceTree = "<group>"; };
		B94310D91F9322AC00E8A9BA /* BaseServerRequest.swift */ = {isa = PBXFileReference; lastKnownFileType = sourcecode.swift; path = BaseServerRequest.swift; sourceTree = "<group>"; };
		B94310DA1F9322AC00E8A9BA /* NetworkLayerBaseErrors.swift */ = {isa = PBXFileReference; lastKnownFileType = sourcecode.swift; path = NetworkLayerBaseErrors.swift; sourceTree = "<group>"; };
		B94310DB1F9322AC00E8A9BA /* BaseResult.swift */ = {isa = PBXFileReference; lastKnownFileType = sourcecode.swift; path = BaseResult.swift; sourceTree = "<group>"; };
		B94310DD1F9322AC00E8A9BA /* BaseCoreServerResponse.swift */ = {isa = PBXFileReference; lastKnownFileType = sourcecode.swift; path = BaseCoreServerResponse.swift; sourceTree = "<group>"; };
		B94310DE1F9322AC00E8A9BA /* MultipartData.swift */ = {isa = PBXFileReference; lastKnownFileType = sourcecode.swift; path = MultipartData.swift; sourceTree = "<group>"; };
		B94310E01F9322AC00E8A9BA /* BaseCoreServerRequest.swift */ = {isa = PBXFileReference; lastKnownFileType = sourcecode.swift; path = BaseCoreServerRequest.swift; sourceTree = "<group>"; };
		B94310E11F9322AC00E8A9BA /* ServerRequest+SupportedClasses.swift */ = {isa = PBXFileReference; lastKnownFileType = sourcecode.swift; path = "ServerRequest+SupportedClasses.swift"; sourceTree = "<group>"; };
		B94310E41F93234900E8A9BA /* BaseIteratableContext.swift */ = {isa = PBXFileReference; lastKnownFileType = sourcecode.swift; path = BaseIteratableContext.swift; sourceTree = "<group>"; };
		B94310F81F932B2700E8A9BA /* PaginableRequestContextProtocol.swift */ = {isa = PBXFileReference; lastKnownFileType = sourcecode.swift; path = PaginableRequestContextProtocol.swift; sourceTree = "<group>"; };
		B94310FA1F932BD900E8A9BA /* PagingRequestContext.swift */ = {isa = PBXFileReference; lastKnownFileType = sourcecode.swift; path = PagingRequestContext.swift; sourceTree = "<group>"; };
		B94310FE1F932D3200E8A9BA /* ReusablePagingRequest.swift */ = {isa = PBXFileReference; lastKnownFileType = sourcecode.swift; path = ReusablePagingRequest.swift; sourceTree = "<group>"; };
		B94311001F933D0F00E8A9BA /* Countable.swift */ = {isa = PBXFileReference; lastKnownFileType = sourcecode.swift; path = Countable.swift; sourceTree = "<group>"; };
		B96CD4131FDC450800F5A107 /* AccessSafeRequestManager.swift */ = {isa = PBXFileReference; fileEncoding = 4; lastKnownFileType = sourcecode.swift; path = AccessSafeRequestManager.swift; sourceTree = "<group>"; };
		B96CD4151FDC4E2200F5A107 /* CacheableContextProtocol.swift */ = {isa = PBXFileReference; lastKnownFileType = sourcecode.swift; path = CacheableContextProtocol.swift; sourceTree = "<group>"; };
		B97D3CD41F93440800DB6ED6 /* UrlCacheAdapter.swift */ = {isa = PBXFileReference; lastKnownFileType = sourcecode.swift; path = UrlCacheAdapter.swift; sourceTree = "<group>"; };
		B97D3CD61F93468000DB6ED6 /* CacheAdapter.swift */ = {isa = PBXFileReference; lastKnownFileType = sourcecode.swift; path = CacheAdapter.swift; sourceTree = "<group>"; };
		B9B4F7851FDC731B00A0B1D1 /* CancellableContext.swift */ = {isa = PBXFileReference; lastKnownFileType = sourcecode.swift; path = CancellableContext.swift; sourceTree = "<group>"; };
		D5709623A761616D3846D3EC /* Pods-CoreNetKit.debug.xcconfig */ = {isa = PBXFileReference; includeInIndex = 1; lastKnownFileType = text.xcconfig; name = "Pods-CoreNetKit.debug.xcconfig"; path = "Pods/Target Support Files/Pods-CoreNetKit/Pods-CoreNetKit.debug.xcconfig"; sourceTree = "<group>"; };
/* End PBXFileReference section */

/* Begin PBXFrameworksBuildPhase section */
		B1C3254321CFEC1D0059EF33 /* Frameworks */ = {
			isa = PBXFrameworksBuildPhase;
			buildActionMask = 2147483647;
			files = (
				B1C3254B21CFEC1D0059EF33 /* CoreNetKit.framework in Frameworks */,
			);
			runOnlyForDeploymentPostprocessing = 0;
		};
		B1C3255221CFEC480059EF33 /* Frameworks */ = {
			isa = PBXFrameworksBuildPhase;
			buildActionMask = 2147483647;
			files = (
				B1C3255A21CFEC480059EF33 /* CoreNetKit.framework in Frameworks */,
				207B8A86135685E319686BA7 /* Pods_CoreNetKit_CoreNetKitIntegrationTests.framework in Frameworks */,
			);
			runOnlyForDeploymentPostprocessing = 0;
		};
		B94310A61F931CC000E8A9BA /* Frameworks */ = {
			isa = PBXFrameworksBuildPhase;
			buildActionMask = 2147483647;
			files = (
				F850843585A22770DB437F08 /* Pods_CoreNetKit.framework in Frameworks */,
			);
			runOnlyForDeploymentPostprocessing = 0;
		};
/* End PBXFrameworksBuildPhase section */

/* Begin PBXGroup section */
		4F290E281FE4045C00FFCCF2 /* Protocols */ = {
			isa = PBXGroup;
			children = (
				4F290E291FE4046E00FFCCF2 /* CoreServerRequest.swift */,
				4F290E2B1FE4047D00FFCCF2 /* CoreServerResponse.swift */,
			);
			path = Protocols;
			sourceTree = "<group>";
		};
		5E63305A48BF32F13044AAC9 /* Frameworks */ = {
			isa = PBXGroup;
			children = (
				B1E45F76645C0817BCA1818E /* Pods_CoreNetKit.framework */,
				5DFC7FE872C40ECD9CBA523D /* Pods_CoreNetKit_CoreNetKitIntegrationTests.framework */,
			);
			name = Frameworks;
			sourceTree = "<group>";
		};
		6597E5C3DF90E0C2B4142DD0 /* Pods */ = {
			isa = PBXGroup;
			children = (
				D5709623A761616D3846D3EC /* Pods-CoreNetKit.debug.xcconfig */,
				9AF2A9A1A9CD5898CBBC5776 /* Pods-CoreNetKit.release.xcconfig */,
				05B162D9B2879928470AB6C1 /* Pods-CoreNetKit-CoreNetKitIntegrationTests.debug.xcconfig */,
				33F1057477312FC587FBCC54 /* Pods-CoreNetKit-CoreNetKitIntegrationTests.release.xcconfig */,
			);
			name = Pods;
			sourceTree = "<group>";
		};
		B1033D5E21BD019A001F5D03 /* Core */ = {
			isa = PBXGroup;
			children = (
				B1118EE921C8B714007AD599 /* Convertion */,
				B1033D5F21BD0586001F5D03 /* Supscriptions */,
				B1F0C6F921B1DDCF00382FA5 /* Node */,
			);
			path = Core;
			sourceTree = "<group>";
		};
		B1033D5F21BD0586001F5D03 /* Supscriptions */ = {
			isa = PBXGroup;
			children = (
				B1F0C6ED21B1DDCF00382FA5 /* Contexts */,
				B1F0C6F121B1DDCF00382FA5 /* Observable.swift */,
			);
			path = Supscriptions;
			sourceTree = "<group>";
		};
		B1033D6321BD4DFC001F5D03 /* Nodes */ = {
			isa = PBXGroup;
			children = (
				B13E04EE21C7CFCE00956853 /* Network */,
				B13E04ED21C7CF7C00956853 /* Roots */,
				B13E04EC21C77E5000956853 /* Preprocessing */,
				B1033D6421BD4E47001F5D03 /* Parsing */,
			);
			path = Nodes;
			sourceTree = "<group>";
		};
		B1033D6421BD4E47001F5D03 /* Parsing */ = {
			isa = PBXGroup;
			children = (
				B1033D6921BD4EBC001F5D03 /* JSON */,
			);
			path = Parsing;
			sourceTree = "<group>";
		};
		B1033D6921BD4EBC001F5D03 /* JSON */ = {
			isa = PBXGroup;
			children = (
				B1033D6521BD4E80001F5D03 /* ToJsonMapNode.swift */,
				B1033D6721BD4E8B001F5D03 /* FromJsonMapNode.swift */,
			);
			path = JSON;
			sourceTree = "<group>";
		};
		B1118EE921C8B714007AD599 /* Convertion */ = {
			isa = PBXGroup;
			children = (
				B1B7613D2207A88F00AE3303 /* Extensions */,
				B1118EEA21C8B72D007AD599 /* RawMappable.swift */,
				B1118EEC21C8B772007AD599 /* DTOConvertible.swift */,
			);
			path = Convertion;
			sourceTree = "<group>";
		};
		B1118EEE21C8B7D1007AD599 /* ModelInput */ = {
			isa = PBXGroup;
			children = (
				B1118EEF21C8B7EE007AD599 /* ModelInputNode.swift */,
				B1848A14220483EC00F54705 /* EmptyModel.swift */,
			);
			path = ModelInput;
			sourceTree = "<group>";
		};
		B1118EF821C8CD7D007AD599 /* Chains */ = {
			isa = PBXGroup;
			children = (
				B1BED9F521FF4DF2000B9018 /* HTTP-JSON */,
				B1118EF921C8CD8B007AD599 /* ServiceChain.swift */,
				B1BED9F821FF75A9000B9018 /* Chains.swift */,
			);
			path = Chains;
			sourceTree = "<group>";
		};
		B13E04EC21C77E5000956853 /* Preprocessing */ = {
			isa = PBXGroup;
			children = (
				B1F0C6E821B1DDCF00382FA5 /* HeaderAttacher.swift */,
			);
			path = Preprocessing;
			sourceTree = "<group>";
		};
		B13E04ED21C7CF7C00956853 /* Roots */ = {
			isa = PBXGroup;
			children = (
				B1F0C6E721B1DDCF00382FA5 /* TrasportNode.swift */,
			);
			path = Roots;
			sourceTree = "<group>";
		};
		B13E04EE21C7CFCE00956853 /* Network */ = {
			isa = PBXGroup;
			children = (
				B1F0C6EB21B1DDCF00382FA5 /* JsonNetworkNode.swift */,
			);
			path = Network;
			sourceTree = "<group>";
		};
		B13E04F021C7D12A00956853 /* DTOProcessingLayer */ = {
			isa = PBXGroup;
			children = (
				B1118EF121C8C1B9007AD599 /* DTOMapperNode.swift */,
			);
			path = DTOProcessingLayer;
			sourceTree = "<group>";
		};
		B13E04F121C7F40D00956853 /* RawModelProcessingLayer */ = {
			isa = PBXGroup;
			children = (
				B1118EF321C8C4AC007AD599 /* TransportNode.swift */,
			);
			path = RawModelProcessingLayer;
			sourceTree = "<group>";
		};
		B13E04F221C7F42300956853 /* RequestProcessingLayer */ = {
			isa = PBXGroup;
			children = (
				B1118EF521C8C7E3007AD599 /* RequestCreatorNode.swift */,
				B1F0C6EA21B1DDCF00382FA5 /* ReqestSenderNode.swift */,
			);
			path = RequestProcessingLayer;
			sourceTree = "<group>";
		};
		B13E04F321C7F43200956853 /* ResponseProcessingLayer */ = {
			isa = PBXGroup;
			children = (
				B1F0C6E921B1DDCF00382FA5 /* ResponseProcessorNode.swift */,
				B10FB23F2207966D004C65E3 /* ResponseDataPreprocessorNode.swift */,
				B1B7614B2207B5D700AE3303 /* ResponseHttpErrorProcessorNode.swift */,
				B10FB24122079CA7004C65E3 /* ResponseDataParserNode.swift */,
			);
			path = ResponseProcessingLayer;
			sourceTree = "<group>";
		};
		B13E04F521C7F49B00956853 /* Layers */ = {
			isa = PBXGroup;
			children = (
				B1118EEE21C8B7D1007AD599 /* ModelInput */,
				B13E04F021C7D12A00956853 /* DTOProcessingLayer */,
				B13E04F121C7F40D00956853 /* RawModelProcessingLayer */,
				B13E04F221C7F42300956853 /* RequestProcessingLayer */,
				B13E04F321C7F43200956853 /* ResponseProcessingLayer */,
			);
			path = Layers;
			sourceTree = "<group>";
		};
		B1848A0F220481D200F54705 /* Entity */ = {
			isa = PBXGroup;
			children = (
				B1BED9FD21FF7BC0000B9018 /* User.swift */,
				B1B761422207B0C600AE3303 /* Credentials.swift */,
				B1B761492207B39A00AE3303 /* AuthModel.swift */,
			);
			path = Entity;
			sourceTree = "<group>";
		};
		B1848A11220481DD00F54705 /* Entry */ = {
			isa = PBXGroup;
			children = (
				B1848A122204822400F54705 /* UserEntry.swift */,
				B1B761442207B13B00AE3303 /* CredentialsEntry.swift */,
				B1B761472207B34700AE3303 /* AuthModelEntry.swift */,
			);
			path = Entry;
			sourceTree = "<group>";
		};
		B1B7613D2207A88F00AE3303 /* Extensions */ = {
			isa = PBXGroup;
			children = (
				B1B7613B2207A87100AE3303 /* Array+RawMappable.swift */,
				B1B7613E2207A8A000AE3303 /* Array+DtoConvertible.swift */,
			);
			path = Extensions;
			sourceTree = "<group>";
		};
		B1B761462207B1EB00AE3303 /* Infrastructure */ = {
			isa = PBXGroup;
			children = (
				B1BED9FA21FF78EE000B9018 /* Infrastructure.swift */,
				B1BED9FC21FF7BAE000B9018 /* Models */,
			);
			path = Infrastructure;
			sourceTree = "<group>";
		};
		B1BED9F521FF4DF2000B9018 /* HTTP-JSON */ = {
			isa = PBXGroup;
			children = (
				B1BED9F621FF4E2A000B9018 /* Chains+HTTP-JSON.swift */,
			);
			path = "HTTP-JSON";
			sourceTree = "<group>";
		};
		B1BED9FC21FF7BAE000B9018 /* Models */ = {
			isa = PBXGroup;
			children = (
				B1848A11220481DD00F54705 /* Entry */,
				B1848A0F220481D200F54705 /* Entity */,
			);
			path = Models;
			sourceTree = "<group>";
		};
		B1C3254721CFEC1D0059EF33 /* CoreNetKitUnitTests */ = {
			isa = PBXGroup;
			children = (
				B1C3254821CFEC1D0059EF33 /* CoreNetKitUnitTests.swift */,
				B1C3254A21CFEC1D0059EF33 /* Info.plist */,
			);
			path = CoreNetKitUnitTests;
			sourceTree = "<group>";
		};
		B1C3255621CFEC480059EF33 /* CoreNetKitIntegrationTests */ = {
			isa = PBXGroup;
			children = (
				B1C3255921CFEC480059EF33 /* Info.plist */,
				B1B761462207B1EB00AE3303 /* Infrastructure */,
				B1BED9F321FF4D6F000B9018 /* SimpleURLChainTests.swift */,
				B1B761402207B0B700AE3303 /* FormUrlCodingTests.swift */,
				B1B7614D2207C16000AE3303 /* TestEmptyResponseMapping.swift */,
			);
			path = CoreNetKitIntegrationTests;
			sourceTree = "<group>";
		};
		B1C3256321D124E40059EF33 /* Utils */ = {
			isa = PBXGroup;
			children = (
				B1C3256421D124F40059EF33 /* Mapping */,
			);
			path = Utils;
			sourceTree = "<group>";
		};
		B1C3256421D124F40059EF33 /* Mapping */ = {
			isa = PBXGroup;
			children = (
				B1C3256521D1251B0059EF33 /* CodableRawMapper.swift */,
			);
			path = Mapping;
			sourceTree = "<group>";
		};
		B1F0C6E221B1DD4B00382FA5 /* Legacy */ = {
			isa = PBXGroup;
			children = (
				B94310CB1F9322AC00E8A9BA /* Context */,
				B94310D81F9322AC00E8A9BA /* Core */,
				B94310D61F9322AC00E8A9BA /* Kit */,
			);
			path = Legacy;
			sourceTree = "<group>";
		};
		B1F0C6E421B1DDCF00382FA5 /* New */ = {
			isa = PBXGroup;
			children = (
				B1C3256321D124E40059EF33 /* Utils */,
				B1033D6321BD4DFC001F5D03 /* Nodes */,
				B1118EF821C8CD7D007AD599 /* Chains */,
				B13E04F521C7F49B00956853 /* Layers */,
				B1033D5E21BD019A001F5D03 /* Core */,
				B1F0C6F221B1DDCF00382FA5 /* CacheNode */,
			);
			path = New;
			sourceTree = "<group>";
		};
		B1F0C6ED21B1DDCF00382FA5 /* Contexts */ = {
			isa = PBXGroup;
			children = (
				B1F0C6EE21B1DDCF00382FA5 /* AsyncContext.swift */,
				B1F0C6EF21B1DDCF00382FA5 /* Context+Operations.swift */,
				B1F0C6F021B1DDCF00382FA5 /* Context.swift */,
			);
			path = Contexts;
			sourceTree = "<group>";
		};
		B1F0C6F221B1DDCF00382FA5 /* CacheNode */ = {
			isa = PBXGroup;
			children = (
				B1F0C6F321B1DDCF00382FA5 /* UrlCacheReaderNode.swift */,
				B1F0C6F421B1DDCF00382FA5 /* FirstCachePolicyNode.swift */,
				B1F0C6F521B1DDCF00382FA5 /* UrlCacheWriterNode.swift */,
			);
			path = CacheNode;
			sourceTree = "<group>";
		};
		B1F0C6F921B1DDCF00382FA5 /* Node */ = {
			isa = PBXGroup;
			children = (
				B1F0C6FA21B1DDCF00382FA5 /* Node.swift */,
			);
			path = Node;
			sourceTree = "<group>";
		};
		B94310A01F931CC000E8A9BA = {
			isa = PBXGroup;
			children = (
				B94310AC1F931CC000E8A9BA /* CoreNetKit */,
				B1C3254721CFEC1D0059EF33 /* CoreNetKitUnitTests */,
				B1C3255621CFEC480059EF33 /* CoreNetKitIntegrationTests */,
				B94310AB1F931CC000E8A9BA /* Products */,
				6597E5C3DF90E0C2B4142DD0 /* Pods */,
				5E63305A48BF32F13044AAC9 /* Frameworks */,
			);
			sourceTree = "<group>";
		};
		B94310AB1F931CC000E8A9BA /* Products */ = {
			isa = PBXGroup;
			children = (
				B94310AA1F931CC000E8A9BA /* CoreNetKit.framework */,
				B1C3254621CFEC1D0059EF33 /* CoreNetKitUnitTests.xctest */,
				B1C3255521CFEC480059EF33 /* CoreNetKitIntegrationTests.xctest */,
			);
			name = Products;
			sourceTree = "<group>";
		};
		B94310AC1F931CC000E8A9BA /* CoreNetKit */ = {
			isa = PBXGroup;
			children = (
				B1F0C6E421B1DDCF00382FA5 /* New */,
				B1F0C6E221B1DD4B00382FA5 /* Legacy */,
				B94310AD1F931CC000E8A9BA /* CoreNetKit.h */,
				B94310AE1F931CC000E8A9BA /* Info.plist */,
			);
			path = CoreNetKit;
			sourceTree = "<group>";
		};
		B94310CB1F9322AC00E8A9BA /* Context */ = {
			isa = PBXGroup;
			children = (
				B94310CC1F9322AC00E8A9BA /* Protocols */,
				B94310D01F9322AC00E8A9BA /* BaseImplementations */,
			);
			path = Context;
			sourceTree = "<group>";
		};
		B94310CC1F9322AC00E8A9BA /* Protocols */ = {
			isa = PBXGroup;
			children = (
				B94310CD1F9322AC00E8A9BA /* PassiveContextProtocol.swift */,
				B94310CE1F9322AC00E8A9BA /* ActionableContext.swift */,
				B94310F81F932B2700E8A9BA /* PaginableRequestContextProtocol.swift */,
				B96CD4151FDC4E2200F5A107 /* CacheableContextProtocol.swift */,
				B9B4F7851FDC731B00A0B1D1 /* CancellableContext.swift */,
			);
			path = Protocols;
			sourceTree = "<group>";
		};
		B94310D01F9322AC00E8A9BA /* BaseImplementations */ = {
			isa = PBXGroup;
			children = (
				B94310D11F9322AC00E8A9BA /* ActiveRequestContext.swift */,
				B94310D21F9322AC00E8A9BA /* PassiveRequestContext.swift */,
				B94310D31F9322AC00E8A9BA /* HandleRequestContext.swift */,
				B94310FA1F932BD900E8A9BA /* PagingRequestContext.swift */,
			);
			path = BaseImplementations;
			sourceTree = "<group>";
		};
		B94310D41F9322AC00E8A9BA /* ErrorAdapter */ = {
			isa = PBXGroup;
			children = (
				B94310D51F9322AC00E8A9BA /* ErrorMapperAdapter.swift */,
			);
			path = ErrorAdapter;
			sourceTree = "<group>";
		};
		B94310D61F9322AC00E8A9BA /* Kit */ = {
			isa = PBXGroup;
			children = (
				B9C9DB131FC01E79009E95F5 /* Safe */,
				B94310E31F9322DB00E8A9BA /* Pagination */,
			);
			path = Kit;
			sourceTree = "<group>";
		};
		B94310D81F9322AC00E8A9BA /* Core */ = {
			isa = PBXGroup;
			children = (
				B97D3CD21F9343AD00DB6ED6 /* Adapters */,
				B94310FE1F932D3200E8A9BA /* ReusablePagingRequest.swift */,
				B94310D91F9322AC00E8A9BA /* BaseServerRequest.swift */,
				B94310DA1F9322AC00E8A9BA /* NetworkLayerBaseErrors.swift */,
				B94310DB1F9322AC00E8A9BA /* BaseResult.swift */,
				B94310DC1F9322AC00E8A9BA /* ServerPart */,
			);
			path = Core;
			sourceTree = "<group>";
		};
		B94310DC1F9322AC00E8A9BA /* ServerPart */ = {
			isa = PBXGroup;
			children = (
				4F290E281FE4045C00FFCCF2 /* Protocols */,
				B94310DD1F9322AC00E8A9BA /* BaseCoreServerResponse.swift */,
				B94310E11F9322AC00E8A9BA /* ServerRequest+SupportedClasses.swift */,
				B94310E01F9322AC00E8A9BA /* BaseCoreServerRequest.swift */,
				B94310DE1F9322AC00E8A9BA /* MultipartData.swift */,
				4F290E2D1FE4064D00FFCCF2 /* ResponseResult.swift */,
				4FA424282075D4AC004AEDF6 /* TokenProvider.swift */,
			);
			path = ServerPart;
			sourceTree = "<group>";
		};
		B94310E31F9322DB00E8A9BA /* Pagination */ = {
			isa = PBXGroup;
			children = (
				B94310E41F93234900E8A9BA /* BaseIteratableContext.swift */,
				B94310D71F9322AC00E8A9BA /* ServicePaginator + AsyncIterator.swift */,
				B94311001F933D0F00E8A9BA /* Countable.swift */,
			);
			path = Pagination;
			sourceTree = "<group>";
		};
		B97D3CD21F9343AD00DB6ED6 /* Adapters */ = {
			isa = PBXGroup;
			children = (
				B97D3CD31F9343F300DB6ED6 /* CacheAdapter */,
				B94310D41F9322AC00E8A9BA /* ErrorAdapter */,
			);
			path = Adapters;
			sourceTree = "<group>";
		};
		B97D3CD31F9343F300DB6ED6 /* CacheAdapter */ = {
			isa = PBXGroup;
			children = (
				B97D3CD41F93440800DB6ED6 /* UrlCacheAdapter.swift */,
				B97D3CD61F93468000DB6ED6 /* CacheAdapter.swift */,
			);
			path = CacheAdapter;
			sourceTree = "<group>";
		};
		B9C9DB131FC01E79009E95F5 /* Safe */ = {
			isa = PBXGroup;
			children = (
				B96CD4131FDC450800F5A107 /* AccessSafeRequestManager.swift */,
			);
			path = Safe;
			sourceTree = "<group>";
		};
/* End PBXGroup section */

/* Begin PBXHeadersBuildPhase section */
		B94310A71F931CC000E8A9BA /* Headers */ = {
			isa = PBXHeadersBuildPhase;
			buildActionMask = 2147483647;
			files = (
				B94310AF1F931CC000E8A9BA /* CoreNetKit.h in Headers */,
			);
			runOnlyForDeploymentPostprocessing = 0;
		};
/* End PBXHeadersBuildPhase section */

/* Begin PBXNativeTarget section */
		B1C3254521CFEC1D0059EF33 /* CoreNetKitUnitTests */ = {
			isa = PBXNativeTarget;
			buildConfigurationList = B1C3255021CFEC1D0059EF33 /* Build configuration list for PBXNativeTarget "CoreNetKitUnitTests" */;
			buildPhases = (
				B1C3254221CFEC1D0059EF33 /* Sources */,
				B1C3254321CFEC1D0059EF33 /* Frameworks */,
				B1C3254421CFEC1D0059EF33 /* Resources */,
			);
			buildRules = (
			);
			dependencies = (
				B1C3254D21CFEC1D0059EF33 /* PBXTargetDependency */,
			);
			name = CoreNetKitUnitTests;
			productName = CoreNetKitUnitTests;
			productReference = B1C3254621CFEC1D0059EF33 /* CoreNetKitUnitTests.xctest */;
			productType = "com.apple.product-type.bundle.unit-test";
		};
		B1C3255421CFEC480059EF33 /* CoreNetKitIntegrationTests */ = {
			isa = PBXNativeTarget;
			buildConfigurationList = B1C3255D21CFEC480059EF33 /* Build configuration list for PBXNativeTarget "CoreNetKitIntegrationTests" */;
			buildPhases = (
				E1464D030E45077C4A8ACB7F /* [CP] Check Pods Manifest.lock */,
				B1C3255121CFEC480059EF33 /* Sources */,
				B1C3255221CFEC480059EF33 /* Frameworks */,
				B1C3255321CFEC480059EF33 /* Resources */,
				85E5E12F2733A320C0C1D868 /* [CP] Embed Pods Frameworks */,
			);
			buildRules = (
			);
			dependencies = (
				B1C3255C21CFEC480059EF33 /* PBXTargetDependency */,
			);
			name = CoreNetKitIntegrationTests;
			productName = CoreNetKitIntegrationTests;
			productReference = B1C3255521CFEC480059EF33 /* CoreNetKitIntegrationTests.xctest */;
			productType = "com.apple.product-type.bundle.unit-test";
		};
		B94310A91F931CC000E8A9BA /* CoreNetKit */ = {
			isa = PBXNativeTarget;
			buildConfigurationList = B94310B21F931CC000E8A9BA /* Build configuration list for PBXNativeTarget "CoreNetKit" */;
			buildPhases = (
				7F99649A3E58C8ACCBE972D8 /* [CP] Check Pods Manifest.lock */,
				B16C1C0221E66037004FBF4A /* ShellScript */,
				B94310A51F931CC000E8A9BA /* Sources */,
				B94310A61F931CC000E8A9BA /* Frameworks */,
				B94310A71F931CC000E8A9BA /* Headers */,
				B94310A81F931CC000E8A9BA /* Resources */,
			);
			buildRules = (
			);
			dependencies = (
			);
			name = CoreNetKit;
			productName = CoreNetKit;
			productReference = B94310AA1F931CC000E8A9BA /* CoreNetKit.framework */;
			productType = "com.apple.product-type.framework";
		};
/* End PBXNativeTarget section */

/* Begin PBXProject section */
		B94310A11F931CC000E8A9BA /* Project object */ = {
			isa = PBXProject;
			attributes = {
				LastSwiftUpdateCheck = 1010;
				LastUpgradeCheck = 0930;
				ORGANIZATIONNAME = "Кравченков Александр";
				TargetAttributes = {
					B1C3254521CFEC1D0059EF33 = {
						CreatedOnToolsVersion = 10.1;
						ProvisioningStyle = Automatic;
					};
					B1C3255421CFEC480059EF33 = {
						CreatedOnToolsVersion = 10.1;
						ProvisioningStyle = Automatic;
					};
					B94310A91F931CC000E8A9BA = {
						CreatedOnToolsVersion = 9.0;
						LastSwiftMigration = 0900;
						ProvisioningStyle = Automatic;
					};
				};
			};
			buildConfigurationList = B94310A41F931CC000E8A9BA /* Build configuration list for PBXProject "CoreNetKit" */;
			compatibilityVersion = "Xcode 8.0";
			developmentRegion = en;
			hasScannedForEncodings = 0;
			knownRegions = (
				en,
			);
			mainGroup = B94310A01F931CC000E8A9BA;
			productRefGroup = B94310AB1F931CC000E8A9BA /* Products */;
			projectDirPath = "";
			projectRoot = "";
			targets = (
				B94310A91F931CC000E8A9BA /* CoreNetKit */,
				B1C3254521CFEC1D0059EF33 /* CoreNetKitUnitTests */,
				B1C3255421CFEC480059EF33 /* CoreNetKitIntegrationTests */,
			);
		};
/* End PBXProject section */

/* Begin PBXResourcesBuildPhase section */
		B1C3254421CFEC1D0059EF33 /* Resources */ = {
			isa = PBXResourcesBuildPhase;
			buildActionMask = 2147483647;
			files = (
			);
			runOnlyForDeploymentPostprocessing = 0;
		};
		B1C3255321CFEC480059EF33 /* Resources */ = {
			isa = PBXResourcesBuildPhase;
			buildActionMask = 2147483647;
			files = (
			);
			runOnlyForDeploymentPostprocessing = 0;
		};
		B94310A81F931CC000E8A9BA /* Resources */ = {
			isa = PBXResourcesBuildPhase;
			buildActionMask = 2147483647;
			files = (
			);
			runOnlyForDeploymentPostprocessing = 0;
		};
/* End PBXResourcesBuildPhase section */

/* Begin PBXShellScriptBuildPhase section */
		7F99649A3E58C8ACCBE972D8 /* [CP] Check Pods Manifest.lock */ = {
			isa = PBXShellScriptBuildPhase;
			buildActionMask = 2147483647;
			files = (
			);
			inputPaths = (
				"${PODS_PODFILE_DIR_PATH}/Podfile.lock",
				"${PODS_ROOT}/Manifest.lock",
			);
			name = "[CP] Check Pods Manifest.lock";
			outputPaths = (
				"$(DERIVED_FILE_DIR)/Pods-CoreNetKit-checkManifestLockResult.txt",
			);
			runOnlyForDeploymentPostprocessing = 0;
			shellPath = /bin/sh;
			shellScript = "diff \"${PODS_PODFILE_DIR_PATH}/Podfile.lock\" \"${PODS_ROOT}/Manifest.lock\" > /dev/null\nif [ $? != 0 ] ; then\n    # print error to STDERR\n    echo \"error: The sandbox is not in sync with the Podfile.lock. Run 'pod install' or update your CocoaPods installation.\" >&2\n    exit 1\nfi\n# This output is used by Xcode 'outputs' to avoid re-running this script phase.\necho \"SUCCESS\" > \"${SCRIPT_OUTPUT_FILE_0}\"\n";
			showEnvVarsInLog = 0;
		};
		85E5E12F2733A320C0C1D868 /* [CP] Embed Pods Frameworks */ = {
			isa = PBXShellScriptBuildPhase;
			buildActionMask = 2147483647;
			files = (
			);
			inputFileListPaths = (
			);
			inputPaths = (
				"${SRCROOT}/Pods/Target Support Files/Pods-CoreNetKit-CoreNetKitIntegrationTests/Pods-CoreNetKit-CoreNetKitIntegrationTests-frameworks.sh",
				"${BUILT_PRODUCTS_DIR}/Alamofire/Alamofire.framework",
				"${BUILT_PRODUCTS_DIR}/CoreEvents/CoreEvents.framework",
				"${BUILT_PRODUCTS_DIR}/ObjectMapper/ObjectMapper.framework",
			);
			name = "[CP] Embed Pods Frameworks";
			outputFileListPaths = (
			);
			outputPaths = (
				"${TARGET_BUILD_DIR}/${FRAMEWORKS_FOLDER_PATH}/Alamofire.framework",
				"${TARGET_BUILD_DIR}/${FRAMEWORKS_FOLDER_PATH}/CoreEvents.framework",
				"${TARGET_BUILD_DIR}/${FRAMEWORKS_FOLDER_PATH}/ObjectMapper.framework",
			);
			runOnlyForDeploymentPostprocessing = 0;
			shellPath = /bin/sh;
			shellScript = "\"${SRCROOT}/Pods/Target Support Files/Pods-CoreNetKit-CoreNetKitIntegrationTests/Pods-CoreNetKit-CoreNetKitIntegrationTests-frameworks.sh\"\n";
			showEnvVarsInLog = 0;
		};
		B16C1C0221E66037004FBF4A /* ShellScript */ = {
			isa = PBXShellScriptBuildPhase;
			buildActionMask = 2147483647;
			files = (
			);
			inputFileListPaths = (
			);
			inputPaths = (
			);
			outputFileListPaths = (
			);
			outputPaths = (
			);
			runOnlyForDeploymentPostprocessing = 0;
			shellPath = /bin/sh;
			shellScript = "
";
		};
		E1464D030E45077C4A8ACB7F /* [CP] Check Pods Manifest.lock */ = {
			isa = PBXShellScriptBuildPhase;
			buildActionMask = 2147483647;
			files = (
			);
			inputFileListPaths = (
			);
			inputPaths = (
				"${PODS_PODFILE_DIR_PATH}/Podfile.lock",
				"${PODS_ROOT}/Manifest.lock",
			);
			name = "[CP] Check Pods Manifest.lock";
			outputFileListPaths = (
			);
			outputPaths = (
				"$(DERIVED_FILE_DIR)/Pods-CoreNetKit-CoreNetKitIntegrationTests-checkManifestLockResult.txt",
			);
			runOnlyForDeploymentPostprocessing = 0;
			shellPath = /bin/sh;
			shellScript = "diff \"${PODS_PODFILE_DIR_PATH}/Podfile.lock\" \"${PODS_ROOT}/Manifest.lock\" > /dev/null\nif [ $? != 0 ] ; then\n    # print error to STDERR\n    echo \"error: The sandbox is not in sync with the Podfile.lock. Run 'pod install' or update your CocoaPods installation.\" >&2\n    exit 1\nfi\n# This output is used by Xcode 'outputs' to avoid re-running this script phase.\necho \"SUCCESS\" > \"${SCRIPT_OUTPUT_FILE_0}\"\n";
			showEnvVarsInLog = 0;
		};
/* End PBXShellScriptBuildPhase section */

/* Begin PBXSourcesBuildPhase section */
		B1C3254221CFEC1D0059EF33 /* Sources */ = {
			isa = PBXSourcesBuildPhase;
			buildActionMask = 2147483647;
			files = (
				B1C3254921CFEC1D0059EF33 /* CoreNetKitUnitTests.swift in Sources */,
			);
			runOnlyForDeploymentPostprocessing = 0;
		};
		B1C3255121CFEC480059EF33 /* Sources */ = {
			isa = PBXSourcesBuildPhase;
			buildActionMask = 2147483647;
			files = (
				B1B761432207B0C600AE3303 /* Credentials.swift in Sources */,
				B1B761452207B13B00AE3303 /* CredentialsEntry.swift in Sources */,
				B1848A132204822400F54705 /* UserEntry.swift in Sources */,
				B1B761412207B0B700AE3303 /* FormUrlCodingTests.swift in Sources */,
				B1BED9FE21FF7BC0000B9018 /* User.swift in Sources */,
				B1BED9FB21FF78EE000B9018 /* Infrastructure.swift in Sources */,
				B1B761482207B34700AE3303 /* AuthModelEntry.swift in Sources */,
				B1BED9F421FF4D6F000B9018 /* SimpleURLChainTests.swift in Sources */,
				B1B7614A2207B39A00AE3303 /* AuthModel.swift in Sources */,
				B1B7614E2207C16000AE3303 /* TestEmptyResponseMapping.swift in Sources */,
			);
			runOnlyForDeploymentPostprocessing = 0;
		};
		B94310A51F931CC000E8A9BA /* Sources */ = {
			isa = PBXSourcesBuildPhase;
			buildActionMask = 2147483647;
			files = (
				B1118EF621C8C7E3007AD599 /* RequestCreatorNode.swift in Sources */,
				B1B7613F2207A8A000AE3303 /* Array+DtoConvertible.swift in Sources */,
				B10FB2402207966D004C65E3 /* ResponseDataPreprocessorNode.swift in Sources */,
				B1033D6821BD4E8B001F5D03 /* FromJsonMapNode.swift in Sources */,
				B1B7614C2207B5D700AE3303 /* ResponseHttpErrorProcessorNode.swift in Sources */,
				B1F0C70521B1DDCF00382FA5 /* UrlCacheReaderNode.swift in Sources */,
				B1F0C70221B1DDCF00382FA5 /* Context+Operations.swift in Sources */,
				B1F0C6FF21B1DDCF00382FA5 /* ReqestSenderNode.swift in Sources */,
				B1118EF721C8CBDC007AD599 /* ResponseProcessorNode.swift in Sources */,
				B1F0C70421B1DDCF00382FA5 /* Observable.swift in Sources */,
				B1F0C70321B1DDCF00382FA5 /* Context.swift in Sources */,
				B1C3256621D1251B0059EF33 /* CodableRawMapper.swift in Sources */,
				B1118EED21C8B772007AD599 /* DTOConvertible.swift in Sources */,
				B1118EEB21C8B72D007AD599 /* RawMappable.swift in Sources */,
				B1F0C70121B1DDCF00382FA5 /* AsyncContext.swift in Sources */,
				B1F0C70A21B1DDCF00382FA5 /* Node.swift in Sources */,
				B1033D6621BD4E80001F5D03 /* ToJsonMapNode.swift in Sources */,
				B1BED9F921FF75A9000B9018 /* Chains.swift in Sources */,
				B1B7613C2207A87100AE3303 /* Array+RawMappable.swift in Sources */,
				B1118EF421C8C4AC007AD599 /* TransportNode.swift in Sources */,
				B1848A15220483EC00F54705 /* EmptyModel.swift in Sources */,
				B1F0C70721B1DDCF00382FA5 /* UrlCacheWriterNode.swift in Sources */,
				B10FB24222079CA7004C65E3 /* ResponseDataParserNode.swift in Sources */,
				B1118EFA21C8CD8B007AD599 /* ServiceChain.swift in Sources */,
				B1BED9F721FF4E2A000B9018 /* Chains+HTTP-JSON.swift in Sources */,
				B1118EF021C8B7EE007AD599 /* ModelInputNode.swift in Sources */,
				B1118EF221C8C1B9007AD599 /* DTOMapperNode.swift in Sources */,
			);
			runOnlyForDeploymentPostprocessing = 0;
		};
/* End PBXSourcesBuildPhase section */

/* Begin PBXTargetDependency section */
		B1C3254D21CFEC1D0059EF33 /* PBXTargetDependency */ = {
			isa = PBXTargetDependency;
			target = B94310A91F931CC000E8A9BA /* CoreNetKit */;
			targetProxy = B1C3254C21CFEC1D0059EF33 /* PBXContainerItemProxy */;
		};
		B1C3255C21CFEC480059EF33 /* PBXTargetDependency */ = {
			isa = PBXTargetDependency;
			target = B94310A91F931CC000E8A9BA /* CoreNetKit */;
			targetProxy = B1C3255B21CFEC480059EF33 /* PBXContainerItemProxy */;
		};
/* End PBXTargetDependency section */

/* Begin XCBuildConfiguration section */
		B1C3254E21CFEC1D0059EF33 /* Debug */ = {
			isa = XCBuildConfiguration;
			buildSettings = {
				CLANG_ENABLE_OBJC_WEAK = YES;
				CODE_SIGN_STYLE = Automatic;
				DEVELOPMENT_TEAM = ZJ45BEVK69;
				INFOPLIST_FILE = CoreNetKitUnitTests/Info.plist;
				IPHONEOS_DEPLOYMENT_TARGET = 12.1;
				LD_RUNPATH_SEARCH_PATHS = "$(inherited) @executable_path/Frameworks @loader_path/Frameworks";
				MTL_ENABLE_DEBUG_INFO = INCLUDE_SOURCE;
				MTL_FAST_MATH = YES;
				PRODUCT_BUNDLE_IDENTIFIER = surf.ios.department.CoreNetKitUnitTests;
				PRODUCT_NAME = "$(TARGET_NAME)";
				SWIFT_VERSION = 4.2;
				TARGETED_DEVICE_FAMILY = "1,2";
			};
			name = Debug;
		};
		B1C3254F21CFEC1D0059EF33 /* Release */ = {
			isa = XCBuildConfiguration;
			buildSettings = {
				CLANG_ENABLE_OBJC_WEAK = YES;
				CODE_SIGN_STYLE = Automatic;
				DEVELOPMENT_TEAM = ZJ45BEVK69;
				INFOPLIST_FILE = CoreNetKitUnitTests/Info.plist;
				IPHONEOS_DEPLOYMENT_TARGET = 12.1;
				LD_RUNPATH_SEARCH_PATHS = "$(inherited) @executable_path/Frameworks @loader_path/Frameworks";
				MTL_FAST_MATH = YES;
				PRODUCT_BUNDLE_IDENTIFIER = surf.ios.department.CoreNetKitUnitTests;
				PRODUCT_NAME = "$(TARGET_NAME)";
				SWIFT_VERSION = 4.2;
				TARGETED_DEVICE_FAMILY = "1,2";
			};
			name = Release;
		};
		B1C3255E21CFEC480059EF33 /* Debug */ = {
			isa = XCBuildConfiguration;
			baseConfigurationReference = 05B162D9B2879928470AB6C1 /* Pods-CoreNetKit-CoreNetKitIntegrationTests.debug.xcconfig */;
			buildSettings = {
				CLANG_ENABLE_OBJC_WEAK = YES;
				CODE_SIGN_STYLE = Automatic;
				DEVELOPMENT_TEAM = ZJ45BEVK69;
				INFOPLIST_FILE = CoreNetKitIntegrationTests/Info.plist;
				IPHONEOS_DEPLOYMENT_TARGET = 12.1;
				LD_RUNPATH_SEARCH_PATHS = "$(inherited) @executable_path/Frameworks @loader_path/Frameworks";
				MTL_ENABLE_DEBUG_INFO = INCLUDE_SOURCE;
				MTL_FAST_MATH = YES;
				PRODUCT_BUNDLE_IDENTIFIER = surf.ios.department.CoreNetKitIntegrationTests;
				PRODUCT_NAME = "$(TARGET_NAME)";
				SWIFT_VERSION = 4.2;
				TARGETED_DEVICE_FAMILY = "1,2";
			};
			name = Debug;
		};
		B1C3255F21CFEC480059EF33 /* Release */ = {
			isa = XCBuildConfiguration;
			baseConfigurationReference = 33F1057477312FC587FBCC54 /* Pods-CoreNetKit-CoreNetKitIntegrationTests.release.xcconfig */;
			buildSettings = {
				CLANG_ENABLE_OBJC_WEAK = YES;
				CODE_SIGN_STYLE = Automatic;
				DEVELOPMENT_TEAM = ZJ45BEVK69;
				INFOPLIST_FILE = CoreNetKitIntegrationTests/Info.plist;
				IPHONEOS_DEPLOYMENT_TARGET = 12.1;
				LD_RUNPATH_SEARCH_PATHS = "$(inherited) @executable_path/Frameworks @loader_path/Frameworks";
				MTL_FAST_MATH = YES;
				PRODUCT_BUNDLE_IDENTIFIER = surf.ios.department.CoreNetKitIntegrationTests;
				PRODUCT_NAME = "$(TARGET_NAME)";
				SWIFT_VERSION = 4.2;
				TARGETED_DEVICE_FAMILY = "1,2";
			};
			name = Release;
		};
		B94310B01F931CC000E8A9BA /* Debug */ = {
			isa = XCBuildConfiguration;
			buildSettings = {
				ALWAYS_SEARCH_USER_PATHS = NO;
				CLANG_ANALYZER_NONNULL = YES;
				CLANG_ANALYZER_NUMBER_OBJECT_CONVERSION = YES_AGGRESSIVE;
				CLANG_CXX_LANGUAGE_STANDARD = "gnu++14";
				CLANG_CXX_LIBRARY = "libc++";
				CLANG_ENABLE_MODULES = YES;
				CLANG_ENABLE_OBJC_ARC = YES;
				CLANG_WARN_BLOCK_CAPTURE_AUTORELEASING = YES;
				CLANG_WARN_BOOL_CONVERSION = YES;
				CLANG_WARN_COMMA = YES;
				CLANG_WARN_CONSTANT_CONVERSION = YES;
				CLANG_WARN_DEPRECATED_OBJC_IMPLEMENTATIONS = YES;
				CLANG_WARN_DIRECT_OBJC_ISA_USAGE = YES_ERROR;
				CLANG_WARN_DOCUMENTATION_COMMENTS = YES;
				CLANG_WARN_EMPTY_BODY = YES;
				CLANG_WARN_ENUM_CONVERSION = YES;
				CLANG_WARN_INFINITE_RECURSION = YES;
				CLANG_WARN_INT_CONVERSION = YES;
				CLANG_WARN_NON_LITERAL_NULL_CONVERSION = YES;
				CLANG_WARN_OBJC_IMPLICIT_RETAIN_SELF = YES;
				CLANG_WARN_OBJC_LITERAL_CONVERSION = YES;
				CLANG_WARN_OBJC_ROOT_CLASS = YES_ERROR;
				CLANG_WARN_RANGE_LOOP_ANALYSIS = YES;
				CLANG_WARN_STRICT_PROTOTYPES = YES;
				CLANG_WARN_SUSPICIOUS_MOVE = YES;
				CLANG_WARN_UNGUARDED_AVAILABILITY = YES_AGGRESSIVE;
				CLANG_WARN_UNREACHABLE_CODE = YES;
				CLANG_WARN__DUPLICATE_METHOD_MATCH = YES;
				CODE_SIGN_IDENTITY = "iPhone Developer";
				COPY_PHASE_STRIP = NO;
				CURRENT_PROJECT_VERSION = 1;
				DEBUG_INFORMATION_FORMAT = dwarf;
				ENABLE_STRICT_OBJC_MSGSEND = YES;
				ENABLE_TESTABILITY = YES;
				GCC_C_LANGUAGE_STANDARD = gnu11;
				GCC_DYNAMIC_NO_PIC = NO;
				GCC_NO_COMMON_BLOCKS = YES;
				GCC_OPTIMIZATION_LEVEL = 0;
				GCC_PREPROCESSOR_DEFINITIONS = (
					"DEBUG=1",
					"$(inherited)",
				);
				GCC_WARN_64_TO_32_BIT_CONVERSION = YES;
				GCC_WARN_ABOUT_RETURN_TYPE = YES_ERROR;
				GCC_WARN_UNDECLARED_SELECTOR = YES;
				GCC_WARN_UNINITIALIZED_AUTOS = YES_AGGRESSIVE;
				GCC_WARN_UNUSED_FUNCTION = YES;
				GCC_WARN_UNUSED_VARIABLE = YES;
				IPHONEOS_DEPLOYMENT_TARGET = 11.0;
				MTL_ENABLE_DEBUG_INFO = YES;
				ONLY_ACTIVE_ARCH = YES;
				SDKROOT = iphoneos;
				SWIFT_ACTIVE_COMPILATION_CONDITIONS = DEBUG;
				SWIFT_OPTIMIZATION_LEVEL = "-Onone";
				VERSIONING_SYSTEM = "apple-generic";
				VERSION_INFO_PREFIX = "";
			};
			name = Debug;
		};
		B94310B11F931CC000E8A9BA /* Release */ = {
			isa = XCBuildConfiguration;
			buildSettings = {
				ALWAYS_SEARCH_USER_PATHS = NO;
				CLANG_ANALYZER_NONNULL = YES;
				CLANG_ANALYZER_NUMBER_OBJECT_CONVERSION = YES_AGGRESSIVE;
				CLANG_CXX_LANGUAGE_STANDARD = "gnu++14";
				CLANG_CXX_LIBRARY = "libc++";
				CLANG_ENABLE_MODULES = YES;
				CLANG_ENABLE_OBJC_ARC = YES;
				CLANG_WARN_BLOCK_CAPTURE_AUTORELEASING = YES;
				CLANG_WARN_BOOL_CONVERSION = YES;
				CLANG_WARN_COMMA = YES;
				CLANG_WARN_CONSTANT_CONVERSION = YES;
				CLANG_WARN_DEPRECATED_OBJC_IMPLEMENTATIONS = YES;
				CLANG_WARN_DIRECT_OBJC_ISA_USAGE = YES_ERROR;
				CLANG_WARN_DOCUMENTATION_COMMENTS = YES;
				CLANG_WARN_EMPTY_BODY = YES;
				CLANG_WARN_ENUM_CONVERSION = YES;
				CLANG_WARN_INFINITE_RECURSION = YES;
				CLANG_WARN_INT_CONVERSION = YES;
				CLANG_WARN_NON_LITERAL_NULL_CONVERSION = YES;
				CLANG_WARN_OBJC_IMPLICIT_RETAIN_SELF = YES;
				CLANG_WARN_OBJC_LITERAL_CONVERSION = YES;
				CLANG_WARN_OBJC_ROOT_CLASS = YES_ERROR;
				CLANG_WARN_RANGE_LOOP_ANALYSIS = YES;
				CLANG_WARN_STRICT_PROTOTYPES = YES;
				CLANG_WARN_SUSPICIOUS_MOVE = YES;
				CLANG_WARN_UNGUARDED_AVAILABILITY = YES_AGGRESSIVE;
				CLANG_WARN_UNREACHABLE_CODE = YES;
				CLANG_WARN__DUPLICATE_METHOD_MATCH = YES;
				CODE_SIGN_IDENTITY = "iPhone Developer";
				COPY_PHASE_STRIP = NO;
				CURRENT_PROJECT_VERSION = 1;
				DEBUG_INFORMATION_FORMAT = "dwarf-with-dsym";
				ENABLE_NS_ASSERTIONS = NO;
				ENABLE_STRICT_OBJC_MSGSEND = YES;
				GCC_C_LANGUAGE_STANDARD = gnu11;
				GCC_NO_COMMON_BLOCKS = YES;
				GCC_WARN_64_TO_32_BIT_CONVERSION = YES;
				GCC_WARN_ABOUT_RETURN_TYPE = YES_ERROR;
				GCC_WARN_UNDECLARED_SELECTOR = YES;
				GCC_WARN_UNINITIALIZED_AUTOS = YES_AGGRESSIVE;
				GCC_WARN_UNUSED_FUNCTION = YES;
				GCC_WARN_UNUSED_VARIABLE = YES;
				IPHONEOS_DEPLOYMENT_TARGET = 11.0;
				MTL_ENABLE_DEBUG_INFO = NO;
				SDKROOT = iphoneos;
				SWIFT_OPTIMIZATION_LEVEL = "-Owholemodule";
				VALIDATE_PRODUCT = YES;
				VERSIONING_SYSTEM = "apple-generic";
				VERSION_INFO_PREFIX = "";
			};
			name = Release;
		};
		B94310B31F931CC000E8A9BA /* Debug */ = {
			isa = XCBuildConfiguration;
			baseConfigurationReference = D5709623A761616D3846D3EC /* Pods-CoreNetKit.debug.xcconfig */;
			buildSettings = {
				CLANG_ENABLE_MODULES = YES;
				CODE_SIGN_IDENTITY = "";
				CODE_SIGN_STYLE = Automatic;
				DEFINES_MODULE = YES;
				DEVELOPMENT_TEAM = ZJ45BEVK69;
				DYLIB_COMPATIBILITY_VERSION = 1;
				DYLIB_CURRENT_VERSION = 1;
				DYLIB_INSTALL_NAME_BASE = "@rpath";
				INFOPLIST_FILE = CoreNetKit/Info.plist;
				INSTALL_PATH = "$(LOCAL_LIBRARY_DIR)/Frameworks";
				LD_RUNPATH_SEARCH_PATHS = "$(inherited) @executable_path/Frameworks @loader_path/Frameworks";
				ONLY_ACTIVE_ARCH = NO;
				PRODUCT_BUNDLE_IDENTIFIER = AK.CoreNetKit;
				PRODUCT_NAME = "$(TARGET_NAME:c99extidentifier)";
				SKIP_INSTALL = YES;
				SWIFT_OPTIMIZATION_LEVEL = "-Onone";
				SWIFT_VERSION = 4.2;
				TARGETED_DEVICE_FAMILY = "1,2";
			};
			name = Debug;
		};
		B94310B41F931CC000E8A9BA /* Release */ = {
			isa = XCBuildConfiguration;
			baseConfigurationReference = 9AF2A9A1A9CD5898CBBC5776 /* Pods-CoreNetKit.release.xcconfig */;
			buildSettings = {
				CLANG_ENABLE_MODULES = YES;
				CODE_SIGN_IDENTITY = "";
				CODE_SIGN_STYLE = Automatic;
				DEFINES_MODULE = YES;
				DEVELOPMENT_TEAM = ZJ45BEVK69;
				DYLIB_COMPATIBILITY_VERSION = 1;
				DYLIB_CURRENT_VERSION = 1;
				DYLIB_INSTALL_NAME_BASE = "@rpath";
				INFOPLIST_FILE = CoreNetKit/Info.plist;
				INSTALL_PATH = "$(LOCAL_LIBRARY_DIR)/Frameworks";
				LD_RUNPATH_SEARCH_PATHS = "$(inherited) @executable_path/Frameworks @loader_path/Frameworks";
				ONLY_ACTIVE_ARCH = NO;
				PRODUCT_BUNDLE_IDENTIFIER = AK.CoreNetKit;
				PRODUCT_NAME = "$(TARGET_NAME:c99extidentifier)";
				SKIP_INSTALL = YES;
				SWIFT_VERSION = 4.2;
				TARGETED_DEVICE_FAMILY = "1,2";
			};
			name = Release;
		};
/* End XCBuildConfiguration section */

/* Begin XCConfigurationList section */
		B1C3255021CFEC1D0059EF33 /* Build configuration list for PBXNativeTarget "CoreNetKitUnitTests" */ = {
			isa = XCConfigurationList;
			buildConfigurations = (
				B1C3254E21CFEC1D0059EF33 /* Debug */,
				B1C3254F21CFEC1D0059EF33 /* Release */,
			);
			defaultConfigurationIsVisible = 0;
			defaultConfigurationName = Release;
		};
		B1C3255D21CFEC480059EF33 /* Build configuration list for PBXNativeTarget "CoreNetKitIntegrationTests" */ = {
			isa = XCConfigurationList;
			buildConfigurations = (
				B1C3255E21CFEC480059EF33 /* Debug */,
				B1C3255F21CFEC480059EF33 /* Release */,
			);
			defaultConfigurationIsVisible = 0;
			defaultConfigurationName = Release;
		};
		B94310A41F931CC000E8A9BA /* Build configuration list for PBXProject "CoreNetKit" */ = {
			isa = XCConfigurationList;
			buildConfigurations = (
				B94310B01F931CC000E8A9BA /* Debug */,
				B94310B11F931CC000E8A9BA /* Release */,
			);
			defaultConfigurationIsVisible = 0;
			defaultConfigurationName = Release;
		};
		B94310B21F931CC000E8A9BA /* Build configuration list for PBXNativeTarget "CoreNetKit" */ = {
			isa = XCConfigurationList;
			buildConfigurations = (
				B94310B31F931CC000E8A9BA /* Debug */,
				B94310B41F931CC000E8A9BA /* Release */,
			);
			defaultConfigurationIsVisible = 0;
			defaultConfigurationName = Release;
		};
/* End XCConfigurationList section */
	};
	rootObject = B94310A11F931CC000E8A9BA /* Project object */;
}
