// !$*UTF8*$!
{
	archiveVersion = 1;
	classes = {
	};
	objectVersion = 60;
	objects = {

/* Begin PBXBuildFile section */
		4F17501B207B276E0063C67D /* PaginationCell.swift in Sources */ = {isa = PBXBuildFile; fileRef = 4F17501A207B276E0063C67D /* PaginationCell.swift */; };
		4F17501D207B27B90063C67D /* PaginationCellViewModel.swift in Sources */ = {isa = PBXBuildFile; fileRef = 4F17501C207B27B90063C67D /* PaginationCellViewModel.swift */; };
		4F1DDBD3207B2D2500E0CEB4 /* PaginationPresenter.swift in Sources */ = {isa = PBXBuildFile; fileRef = 4F1DDBD2207B2D2500E0CEB4 /* PaginationPresenter.swift */; };
		4FA424222075D346004AEDF6 /* Message.swift in Sources */ = {isa = PBXBuildFile; fileRef = 4FA424202075D346004AEDF6 /* Message.swift */; };
		4FA424232075D346004AEDF6 /* Message.xib in Resources */ = {isa = PBXBuildFile; fileRef = 4FA424212075D346004AEDF6 /* Message.xib */; };
		50816A1D2BC6E6DE00A43F3D /* NodeKit in Frameworks */ = {isa = PBXBuildFile; productRef = 50816A1C2BC6E6DE00A43F3D /* NodeKit */; };
		50816B2B2BC70ACB00A43F3D /* NodeKit in Frameworks */ = {isa = PBXBuildFile; productRef = 50816B2A2BC70ACB00A43F3D /* NodeKit */; };
		5097DF3F2BCD614A00D422EE /* NodeKit in Frameworks */ = {isa = PBXBuildFile; productRef = 5097DF3E2BCD614A00D422EE /* NodeKit */; };
		5097DF422BCD624700D422EE /* NodeKit in Frameworks */ = {isa = PBXBuildFile; productRef = 5097DF412BCD624700D422EE /* NodeKit */; };
		5097DF442BCD624700D422EE /* NodeKitMock in Frameworks */ = {isa = PBXBuildFile; productRef = 5097DF432BCD624700D422EE /* NodeKitMock */; };
		5097DF492BCD62AA00D422EE /* NodeKit in Frameworks */ = {isa = PBXBuildFile; productRef = 5097DF482BCD62AA00D422EE /* NodeKit */; };
		5097DF4B2BCD62AA00D422EE /* NodeKitMock in Frameworks */ = {isa = PBXBuildFile; productRef = 5097DF4A2BCD62AA00D422EE /* NodeKitMock */; };
		5097DF502BCD641D00D422EE /* LoginRouter.swift in Sources */ = {isa = PBXBuildFile; fileRef = 5097DF4F2BCD641D00D422EE /* LoginRouter.swift */; };
		5097DF522BCD65E600D422EE /* FeatureListConfigurator.swift in Sources */ = {isa = PBXBuildFile; fileRef = 5097DF512BCD65E600D422EE /* FeatureListConfigurator.swift */; };
		5097DF562BCD666000D422EE /* FeatureListViewController.storyboard in Resources */ = {isa = PBXBuildFile; fileRef = 5097DF552BCD666000D422EE /* FeatureListViewController.storyboard */; };
		5097DF592BCD66C400D422EE /* FeatureListViewController.swift in Sources */ = {isa = PBXBuildFile; fileRef = 5097DF582BCD66C400D422EE /* FeatureListViewController.swift */; };
		5097DF5C2BCD67AF00D422EE /* UIStoryboard+Extension.swift in Sources */ = {isa = PBXBuildFile; fileRef = 5097DF5B2BCD67AF00D422EE /* UIStoryboard+Extension.swift */; };
		5097DF5E2BCD692800D422EE /* ErrorRepresentable.swift in Sources */ = {isa = PBXBuildFile; fileRef = 5097DF5D2BCD692800D422EE /* ErrorRepresentable.swift */; };
		5097DF602BCD6A3600D422EE /* Credentials.swift in Sources */ = {isa = PBXBuildFile; fileRef = 5097DF5F2BCD6A3600D422EE /* Credentials.swift */; };
		5097DF622BCD6BB000D422EE /* LoginConfigurator.swift in Sources */ = {isa = PBXBuildFile; fileRef = 5097DF612BCD6BB000D422EE /* LoginConfigurator.swift */; };
		5097DF642BCD6E3300D422EE /* LoginViewController.storyboard in Resources */ = {isa = PBXBuildFile; fileRef = 5097DF632BCD6E3300D422EE /* LoginViewController.storyboard */; };
		5097DF662BCD73D700D422EE /* FeatureCell.swift in Sources */ = {isa = PBXBuildFile; fileRef = 5097DF652BCD73D700D422EE /* FeatureCell.swift */; };
		5097DF682BCD73E100D422EE /* FeatureCell.xib in Resources */ = {isa = PBXBuildFile; fileRef = 5097DF672BCD73E100D422EE /* FeatureCell.xib */; };
		5097DF6E2BCD79C300D422EE /* FeatureCellViewModel.swift in Sources */ = {isa = PBXBuildFile; fileRef = 5097DF6D2BCD79C300D422EE /* FeatureCellViewModel.swift */; };
		5097DF702BCD7B0500D422EE /* FeatureListPresenter.swift in Sources */ = {isa = PBXBuildFile; fileRef = 5097DF6F2BCD7B0500D422EE /* FeatureListPresenter.swift */; };
		5097DF722BCD7B7400D422EE /* FeatureListRouter.swift in Sources */ = {isa = PBXBuildFile; fileRef = 5097DF712BCD7B7300D422EE /* FeatureListRouter.swift */; };
		5097DF762BCD8AE400D422EE /* PaginationViewController.swift in Sources */ = {isa = PBXBuildFile; fileRef = 5097DF752BCD8AE400D422EE /* PaginationViewController.swift */; };
		5097DF7A2BCD8B1300D422EE /* PaginationViewController.storyboard in Resources */ = {isa = PBXBuildFile; fileRef = 5097DF792BCD8B1300D422EE /* PaginationViewController.storyboard */; };
		5097DF7E2BCD8C9100D422EE /* PaginationRouter.swift in Sources */ = {isa = PBXBuildFile; fileRef = 5097DF7D2BCD8C9100D422EE /* PaginationRouter.swift */; };
		5097DF802BCD8FD400D422EE /* PaginationConfigurator.swift in Sources */ = {isa = PBXBuildFile; fileRef = 5097DF7F2BCD8FD400D422EE /* PaginationConfigurator.swift */; };
		5097DF832BCDA57700D422EE /* GroupViewController.swift in Sources */ = {isa = PBXBuildFile; fileRef = 5097DF822BCDA57700D422EE /* GroupViewController.swift */; };
		5097DF852BCDA58C00D422EE /* GroupViewController.storyboard in Resources */ = {isa = PBXBuildFile; fileRef = 5097DF842BCDA58C00D422EE /* GroupViewController.storyboard */; };
		5097DF872BCDA5A300D422EE /* GroupPresenter.swift in Sources */ = {isa = PBXBuildFile; fileRef = 5097DF862BCDA5A300D422EE /* GroupPresenter.swift */; };
		5097DF892BCDA5B900D422EE /* GroupConfigurator.swift in Sources */ = {isa = PBXBuildFile; fileRef = 5097DF882BCDA5B900D422EE /* GroupConfigurator.swift */; };
		5097DF9D2BCDAB2500D422EE /* Models in Frameworks */ = {isa = PBXBuildFile; productRef = 5097DF9C2BCDAB2500D422EE /* Models */; };
		5097DFA02BCDAD9500D422EE /* Services in Frameworks */ = {isa = PBXBuildFile; productRef = 5097DF9F2BCDAD9500D422EE /* Services */; };
		5097DFA32BCDADAB00D422EE /* Services in Frameworks */ = {isa = PBXBuildFile; productRef = 5097DFA22BCDADAB00D422EE /* Services */; };
		5097DFA62BCDB0BE00D422EE /* MockServer in Frameworks */ = {isa = PBXBuildFile; productRef = 5097DFA52BCDB0BE00D422EE /* MockServer */; };
		5097DFB22BCE00AB00D422EE /* GroupViewModelProvider.swift in Sources */ = {isa = PBXBuildFile; fileRef = 5097DFB12BCE00AB00D422EE /* GroupViewModelProvider.swift */; };
		50B569802BD183F00054DC09 /* Utils in Frameworks */ = {isa = PBXBuildFile; productRef = 50B5697F2BD183F00054DC09 /* Utils */; };
		50B569832BD184150054DC09 /* Nuke in Frameworks */ = {isa = PBXBuildFile; productRef = 50B569822BD184150054DC09 /* Nuke */; };
		50B569852BD184AD0054DC09 /* NukeExtensions in Frameworks */ = {isa = PBXBuildFile; productRef = 50B569842BD184AD0054DC09 /* NukeExtensions */; };
		50B569872BD186BB0054DC09 /* PaginationCell.xib in Resources */ = {isa = PBXBuildFile; fileRef = 50B569862BD186BB0054DC09 /* PaginationCell.xib */; };
		50B569892BD188D80054DC09 /* BaseLoadingSubview.swift in Sources */ = {isa = PBXBuildFile; fileRef = 50B569882BD188D80054DC09 /* BaseLoadingSubview.swift */; };
		50B5698C2BD18F040054DC09 /* SnapKit in Frameworks */ = {isa = PBXBuildFile; productRef = 50B5698B2BD18F040054DC09 /* SnapKit */; };
		50C445A22BC81FB300C515E6 /* SwiftMessages in Frameworks */ = {isa = PBXBuildFile; productRef = 50C445A12BC81FB300C515E6 /* SwiftMessages */; };
		50C445A82BC8202700C515E6 /* ReactiveDataDisplayManager in Frameworks */ = {isa = PBXBuildFile; productRef = 50C445A72BC8202700C515E6 /* ReactiveDataDisplayManager */; };
		50C445CE2BC8736B00C515E6 /* PaginationLoadingView.swift in Sources */ = {isa = PBXBuildFile; fileRef = 50C445CD2BC8736B00C515E6 /* PaginationLoadingView.swift */; };
		B96CD44D1FDC5B1600F5A107 /* AppDelegate.swift in Sources */ = {isa = PBXBuildFile; fileRef = B96CD44C1FDC5B1600F5A107 /* AppDelegate.swift */; };
		B96CD44F1FDC5B1600F5A107 /* LoginViewController.swift in Sources */ = {isa = PBXBuildFile; fileRef = B96CD44E1FDC5B1600F5A107 /* LoginViewController.swift */; };
		B96CD4541FDC5B1600F5A107 /* Assets.xcassets in Resources */ = {isa = PBXBuildFile; fileRef = B96CD4531FDC5B1600F5A107 /* Assets.xcassets */; };
		B96CD4571FDC5B1600F5A107 /* LaunchScreen.storyboard in Resources */ = {isa = PBXBuildFile; fileRef = B96CD4551FDC5B1600F5A107 /* LaunchScreen.storyboard */; };
		B97D3E5C1FDC83950039DB92 /* LoginPresenter.swift in Sources */ = {isa = PBXBuildFile; fileRef = B97D3E5B1FDC83950039DB92 /* LoginPresenter.swift */; };
/* End PBXBuildFile section */

/* Begin PBXFileReference section */
		4F17501A207B276E0063C67D /* PaginationCell.swift */ = {isa = PBXFileReference; lastKnownFileType = sourcecode.swift; path = PaginationCell.swift; sourceTree = "<group>"; };
		4F17501C207B27B90063C67D /* PaginationCellViewModel.swift */ = {isa = PBXFileReference; lastKnownFileType = sourcecode.swift; path = PaginationCellViewModel.swift; sourceTree = "<group>"; };
		4F1DDBD2207B2D2500E0CEB4 /* PaginationPresenter.swift */ = {isa = PBXFileReference; lastKnownFileType = sourcecode.swift; path = PaginationPresenter.swift; sourceTree = "<group>"; };
		4FA424202075D346004AEDF6 /* Message.swift */ = {isa = PBXFileReference; fileEncoding = 4; lastKnownFileType = sourcecode.swift; path = Message.swift; sourceTree = "<group>"; };
		4FA424212075D346004AEDF6 /* Message.xib */ = {isa = PBXFileReference; fileEncoding = 4; lastKnownFileType = file.xib; path = Message.xib; sourceTree = "<group>"; };
		5097DF4F2BCD641D00D422EE /* LoginRouter.swift */ = {isa = PBXFileReference; lastKnownFileType = sourcecode.swift; path = LoginRouter.swift; sourceTree = "<group>"; };
		5097DF512BCD65E600D422EE /* FeatureListConfigurator.swift */ = {isa = PBXFileReference; lastKnownFileType = sourcecode.swift; path = FeatureListConfigurator.swift; sourceTree = "<group>"; };
		5097DF552BCD666000D422EE /* FeatureListViewController.storyboard */ = {isa = PBXFileReference; lastKnownFileType = file.storyboard; path = FeatureListViewController.storyboard; sourceTree = "<group>"; };
		5097DF582BCD66C400D422EE /* FeatureListViewController.swift */ = {isa = PBXFileReference; lastKnownFileType = sourcecode.swift; path = FeatureListViewController.swift; sourceTree = "<group>"; };
		5097DF5B2BCD67AF00D422EE /* UIStoryboard+Extension.swift */ = {isa = PBXFileReference; lastKnownFileType = sourcecode.swift; path = "UIStoryboard+Extension.swift"; sourceTree = "<group>"; };
		5097DF5D2BCD692800D422EE /* ErrorRepresentable.swift */ = {isa = PBXFileReference; lastKnownFileType = sourcecode.swift; path = ErrorRepresentable.swift; sourceTree = "<group>"; };
		5097DF5F2BCD6A3600D422EE /* Credentials.swift */ = {isa = PBXFileReference; lastKnownFileType = sourcecode.swift; path = Credentials.swift; sourceTree = "<group>"; };
		5097DF612BCD6BB000D422EE /* LoginConfigurator.swift */ = {isa = PBXFileReference; lastKnownFileType = sourcecode.swift; path = LoginConfigurator.swift; sourceTree = "<group>"; };
		5097DF632BCD6E3300D422EE /* LoginViewController.storyboard */ = {isa = PBXFileReference; lastKnownFileType = file.storyboard; path = LoginViewController.storyboard; sourceTree = "<group>"; };
		5097DF652BCD73D700D422EE /* FeatureCell.swift */ = {isa = PBXFileReference; lastKnownFileType = sourcecode.swift; path = FeatureCell.swift; sourceTree = "<group>"; };
		5097DF672BCD73E100D422EE /* FeatureCell.xib */ = {isa = PBXFileReference; lastKnownFileType = file.xib; path = FeatureCell.xib; sourceTree = "<group>"; };
		5097DF6D2BCD79C300D422EE /* FeatureCellViewModel.swift */ = {isa = PBXFileReference; lastKnownFileType = sourcecode.swift; path = FeatureCellViewModel.swift; sourceTree = "<group>"; };
		5097DF6F2BCD7B0500D422EE /* FeatureListPresenter.swift */ = {isa = PBXFileReference; lastKnownFileType = sourcecode.swift; path = FeatureListPresenter.swift; sourceTree = "<group>"; };
		5097DF712BCD7B7300D422EE /* FeatureListRouter.swift */ = {isa = PBXFileReference; lastKnownFileType = sourcecode.swift; path = FeatureListRouter.swift; sourceTree = "<group>"; };
		5097DF752BCD8AE400D422EE /* PaginationViewController.swift */ = {isa = PBXFileReference; lastKnownFileType = sourcecode.swift; path = PaginationViewController.swift; sourceTree = "<group>"; };
		5097DF792BCD8B1300D422EE /* PaginationViewController.storyboard */ = {isa = PBXFileReference; lastKnownFileType = file.storyboard; path = PaginationViewController.storyboard; sourceTree = "<group>"; };
		5097DF7D2BCD8C9100D422EE /* PaginationRouter.swift */ = {isa = PBXFileReference; lastKnownFileType = sourcecode.swift; path = PaginationRouter.swift; sourceTree = "<group>"; };
		5097DF7F2BCD8FD400D422EE /* PaginationConfigurator.swift */ = {isa = PBXFileReference; lastKnownFileType = sourcecode.swift; path = PaginationConfigurator.swift; sourceTree = "<group>"; };
		5097DF822BCDA57700D422EE /* GroupViewController.swift */ = {isa = PBXFileReference; lastKnownFileType = sourcecode.swift; path = GroupViewController.swift; sourceTree = "<group>"; };
		5097DF842BCDA58C00D422EE /* GroupViewController.storyboard */ = {isa = PBXFileReference; lastKnownFileType = file.storyboard; path = GroupViewController.storyboard; sourceTree = "<group>"; };
		5097DF862BCDA5A300D422EE /* GroupPresenter.swift */ = {isa = PBXFileReference; lastKnownFileType = sourcecode.swift; path = GroupPresenter.swift; sourceTree = "<group>"; };
		5097DF882BCDA5B900D422EE /* GroupConfigurator.swift */ = {isa = PBXFileReference; lastKnownFileType = sourcecode.swift; path = GroupConfigurator.swift; sourceTree = "<group>"; };
		5097DFB12BCE00AB00D422EE /* GroupViewModelProvider.swift */ = {isa = PBXFileReference; lastKnownFileType = sourcecode.swift; path = GroupViewModelProvider.swift; sourceTree = "<group>"; };
		50B569862BD186BB0054DC09 /* PaginationCell.xib */ = {isa = PBXFileReference; fileEncoding = 4; lastKnownFileType = file.xib; path = PaginationCell.xib; sourceTree = "<group>"; };
		50B569882BD188D80054DC09 /* BaseLoadingSubview.swift */ = {isa = PBXFileReference; lastKnownFileType = sourcecode.swift; path = BaseLoadingSubview.swift; sourceTree = "<group>"; };
		50C445CD2BC8736B00C515E6 /* PaginationLoadingView.swift */ = {isa = PBXFileReference; lastKnownFileType = sourcecode.swift; path = PaginationLoadingView.swift; sourceTree = "<group>"; };
		B96CD4491FDC5B1600F5A107 /* Example.app */ = {isa = PBXFileReference; explicitFileType = wrapper.application; includeInIndex = 0; path = Example.app; sourceTree = BUILT_PRODUCTS_DIR; };
		B96CD44C1FDC5B1600F5A107 /* AppDelegate.swift */ = {isa = PBXFileReference; lastKnownFileType = sourcecode.swift; path = AppDelegate.swift; sourceTree = "<group>"; };
		B96CD44E1FDC5B1600F5A107 /* LoginViewController.swift */ = {isa = PBXFileReference; lastKnownFileType = sourcecode.swift; path = LoginViewController.swift; sourceTree = "<group>"; };
		B96CD4531FDC5B1600F5A107 /* Assets.xcassets */ = {isa = PBXFileReference; lastKnownFileType = folder.assetcatalog; path = Assets.xcassets; sourceTree = "<group>"; };
		B96CD4561FDC5B1600F5A107 /* Base */ = {isa = PBXFileReference; lastKnownFileType = file.storyboard; name = Base; path = Base.lproj/LaunchScreen.storyboard; sourceTree = "<group>"; };
		B96CD4581FDC5B1600F5A107 /* Info.plist */ = {isa = PBXFileReference; lastKnownFileType = text.plist.xml; path = Info.plist; sourceTree = "<group>"; };
		B97D3E5B1FDC83950039DB92 /* LoginPresenter.swift */ = {isa = PBXFileReference; lastKnownFileType = sourcecode.swift; path = LoginPresenter.swift; sourceTree = "<group>"; };
/* End PBXFileReference section */

/* Begin PBXFrameworksBuildPhase section */
		B96CD4461FDC5B1600F5A107 /* Frameworks */ = {
			isa = PBXFrameworksBuildPhase;
			buildActionMask = 2147483647;
			files = (
				5097DFA02BCDAD9500D422EE /* Services in Frameworks */,
				50B569852BD184AD0054DC09 /* NukeExtensions in Frameworks */,
				5097DF9D2BCDAB2500D422EE /* Models in Frameworks */,
				50816B2B2BC70ACB00A43F3D /* NodeKit in Frameworks */,
				5097DFA62BCDB0BE00D422EE /* MockServer in Frameworks */,
				50C445A82BC8202700C515E6 /* ReactiveDataDisplayManager in Frameworks */,
				5097DF492BCD62AA00D422EE /* NodeKit in Frameworks */,
				5097DF442BCD624700D422EE /* NodeKitMock in Frameworks */,
				5097DF3F2BCD614A00D422EE /* NodeKit in Frameworks */,
				50C445A22BC81FB300C515E6 /* SwiftMessages in Frameworks */,
				50B569832BD184150054DC09 /* Nuke in Frameworks */,
				50B5698C2BD18F040054DC09 /* SnapKit in Frameworks */,
				50816A1D2BC6E6DE00A43F3D /* NodeKit in Frameworks */,
				5097DF422BCD624700D422EE /* NodeKit in Frameworks */,
				50B569802BD183F00054DC09 /* Utils in Frameworks */,
				5097DFA32BCDADAB00D422EE /* Services in Frameworks */,
				5097DF4B2BCD62AA00D422EE /* NodeKitMock in Frameworks */,
			);
			runOnlyForDeploymentPostprocessing = 0;
		};
/* End PBXFrameworksBuildPhase section */

/* Begin PBXGroup section */
		5097DF4C2BCD63AA00D422EE /* Flows */ = {
			isa = PBXGroup;
			children = (
				5097DF4E2BCD63DE00D422EE /* FeatureListFlow */,
				5097DF4D2BCD63C500D422EE /* AuthFlow */,
			);
			path = Flows;
			sourceTree = "<group>";
		};
		5097DF4D2BCD63C500D422EE /* AuthFlow */ = {
			isa = PBXGroup;
			children = (
				B96CD44E1FDC5B1600F5A107 /* LoginViewController.swift */,
				B97D3E5B1FDC83950039DB92 /* LoginPresenter.swift */,
				5097DF4F2BCD641D00D422EE /* LoginRouter.swift */,
				5097DF5F2BCD6A3600D422EE /* Credentials.swift */,
				5097DF612BCD6BB000D422EE /* LoginConfigurator.swift */,
				5097DF632BCD6E3300D422EE /* LoginViewController.storyboard */,
			);
			path = AuthFlow;
			sourceTree = "<group>";
		};
		5097DF4E2BCD63DE00D422EE /* FeatureListFlow */ = {
			isa = PBXGroup;
			children = (
				5097DF572BCD669C00D422EE /* Cells */,
				5097DF512BCD65E600D422EE /* FeatureListConfigurator.swift */,
				5097DF552BCD666000D422EE /* FeatureListViewController.storyboard */,
				5097DF582BCD66C400D422EE /* FeatureListViewController.swift */,
				5097DF6F2BCD7B0500D422EE /* FeatureListPresenter.swift */,
				5097DF712BCD7B7300D422EE /* FeatureListRouter.swift */,
			);
			path = FeatureListFlow;
			sourceTree = "<group>";
		};
		5097DF572BCD669C00D422EE /* Cells */ = {
			isa = PBXGroup;
			children = (
				5097DF652BCD73D700D422EE /* FeatureCell.swift */,
				5097DF672BCD73E100D422EE /* FeatureCell.xib */,
				5097DF6D2BCD79C300D422EE /* FeatureCellViewModel.swift */,
			);
			path = Cells;
			sourceTree = "<group>";
		};
		5097DF5A2BCD67A400D422EE /* Extensions */ = {
			isa = PBXGroup;
			children = (
				5097DF5B2BCD67AF00D422EE /* UIStoryboard+Extension.swift */,
			);
			path = Extensions;
			sourceTree = "<group>";
		};
		5097DF732BCD8AB500D422EE /* PaginationFeature */ = {
			isa = PBXGroup;
			children = (
				5097DF7C2BCD8BAA00D422EE /* Subviews */,
				5097DF7B2BCD8B3700D422EE /* Cells */,
				5097DF752BCD8AE400D422EE /* PaginationViewController.swift */,
				5097DF792BCD8B1300D422EE /* PaginationViewController.storyboard */,
				4F1DDBD2207B2D2500E0CEB4 /* PaginationPresenter.swift */,
				5097DF7D2BCD8C9100D422EE /* PaginationRouter.swift */,
				5097DF7F2BCD8FD400D422EE /* PaginationConfigurator.swift */,
			);
			path = PaginationFeature;
			sourceTree = "<group>";
		};
		5097DF742BCD8AD000D422EE /* Features */ = {
			isa = PBXGroup;
			children = (
				5097DF812BCDA56400D422EE /* GroupFeature */,
				5097DF732BCD8AB500D422EE /* PaginationFeature */,
			);
			path = Features;
			sourceTree = "<group>";
		};
		5097DF7B2BCD8B3700D422EE /* Cells */ = {
			isa = PBXGroup;
			children = (
				50B569862BD186BB0054DC09 /* PaginationCell.xib */,
				4F17501C207B27B90063C67D /* PaginationCellViewModel.swift */,
				4F17501A207B276E0063C67D /* PaginationCell.swift */,
				50B569882BD188D80054DC09 /* BaseLoadingSubview.swift */,
			);
			path = Cells;
			sourceTree = "<group>";
		};
		5097DF7C2BCD8BAA00D422EE /* Subviews */ = {
			isa = PBXGroup;
			children = (
				50C445CD2BC8736B00C515E6 /* PaginationLoadingView.swift */,
			);
			path = Subviews;
			sourceTree = "<group>";
		};
		5097DF812BCDA56400D422EE /* GroupFeature */ = {
			isa = PBXGroup;
			children = (
				5097DF822BCDA57700D422EE /* GroupViewController.swift */,
				5097DF842BCDA58C00D422EE /* GroupViewController.storyboard */,
				5097DF862BCDA5A300D422EE /* GroupPresenter.swift */,
				5097DF882BCDA5B900D422EE /* GroupConfigurator.swift */,
				5097DFB12BCE00AB00D422EE /* GroupViewModelProvider.swift */,
			);
			path = GroupFeature;
			sourceTree = "<group>";
		};
		50C445B52BC8363F00C515E6 /* Frameworks */ = {
			isa = PBXGroup;
			children = (
			);
			name = Frameworks;
			sourceTree = "<group>";
		};
		B96CD4401FDC5B1600F5A107 = {
			isa = PBXGroup;
			children = (
				B96CD44B1FDC5B1600F5A107 /* Example */,
				B96CD44A1FDC5B1600F5A107 /* Products */,
				50C445B52BC8363F00C515E6 /* Frameworks */,
			);
			sourceTree = "<group>";
		};
		B96CD44A1FDC5B1600F5A107 /* Products */ = {
			isa = PBXGroup;
			children = (
				B96CD4491FDC5B1600F5A107 /* Example.app */,
			);
			name = Products;
			sourceTree = "<group>";
		};
		B96CD44B1FDC5B1600F5A107 /* Example */ = {
			isa = PBXGroup;
			children = (
				5097DF742BCD8AD000D422EE /* Features */,
				5097DF5A2BCD67A400D422EE /* Extensions */,
				5097DF4C2BCD63AA00D422EE /* Flows */,
				B99A70401FDD18C900AB47DD /* Utils */,
				B96CD44C1FDC5B1600F5A107 /* AppDelegate.swift */,
				B96CD4531FDC5B1600F5A107 /* Assets.xcassets */,
				B96CD4551FDC5B1600F5A107 /* LaunchScreen.storyboard */,
				B96CD4581FDC5B1600F5A107 /* Info.plist */,
			);
			path = Example;
			sourceTree = "<group>";
		};
		B99A70401FDD18C900AB47DD /* Utils */ = {
			isa = PBXGroup;
			children = (
				4FA424202075D346004AEDF6 /* Message.swift */,
				4FA424212075D346004AEDF6 /* Message.xib */,
				5097DF5D2BCD692800D422EE /* ErrorRepresentable.swift */,
			);
			path = Utils;
			sourceTree = "<group>";
		};
/* End PBXGroup section */

/* Begin PBXNativeTarget section */
		B96CD4481FDC5B1600F5A107 /* Example */ = {
			isa = PBXNativeTarget;
			buildConfigurationList = B96CD45B1FDC5B1600F5A107 /* Build configuration list for PBXNativeTarget "Example" */;
			buildPhases = (
				B96CD4451FDC5B1600F5A107 /* Sources */,
				B96CD4461FDC5B1600F5A107 /* Frameworks */,
				B96CD4471FDC5B1600F5A107 /* Resources */,
			);
			buildRules = (
			);
			dependencies = (
			);
			name = Example;
			packageProductDependencies = (
				50816A1C2BC6E6DE00A43F3D /* NodeKit */,
				50816B2A2BC70ACB00A43F3D /* NodeKit */,
				50C445A12BC81FB300C515E6 /* SwiftMessages */,
				50C445A72BC8202700C515E6 /* ReactiveDataDisplayManager */,
				5097DF3E2BCD614A00D422EE /* NodeKit */,
				5097DF412BCD624700D422EE /* NodeKit */,
				5097DF432BCD624700D422EE /* NodeKitMock */,
				5097DF482BCD62AA00D422EE /* NodeKit */,
				5097DF4A2BCD62AA00D422EE /* NodeKitMock */,
				5097DF9C2BCDAB2500D422EE /* Models */,
				5097DF9F2BCDAD9500D422EE /* Services */,
				5097DFA22BCDADAB00D422EE /* Services */,
				5097DFA52BCDB0BE00D422EE /* MockServer */,
				50B5697F2BD183F00054DC09 /* Utils */,
				50B569822BD184150054DC09 /* Nuke */,
				50B569842BD184AD0054DC09 /* NukeExtensions */,
				50B5698B2BD18F040054DC09 /* SnapKit */,
			);
			productName = Example;
			productReference = B96CD4491FDC5B1600F5A107 /* Example.app */;
			productType = "com.apple.product-type.application";
		};
/* End PBXNativeTarget section */

/* Begin PBXProject section */
		B96CD4411FDC5B1600F5A107 /* Project object */ = {
			isa = PBXProject;
			attributes = {
				LastSwiftUpdateCheck = 0910;
				LastUpgradeCheck = 0930;
				ORGANIZATIONNAME = "Кравченков Александр";
				TargetAttributes = {
					B96CD4481FDC5B1600F5A107 = {
						CreatedOnToolsVersion = 9.1;
						ProvisioningStyle = Automatic;
					};
				};
			};
			buildConfigurationList = B96CD4441FDC5B1600F5A107 /* Build configuration list for PBXProject "Example" */;
			compatibilityVersion = "Xcode 8.0";
			developmentRegion = en;
			hasScannedForEncodings = 0;
			knownRegions = (
				en,
				Base,
			);
			mainGroup = B96CD4401FDC5B1600F5A107;
			packageReferences = (
				50C445A02BC81FB300C515E6 /* XCRemoteSwiftPackageReference "SwiftMessages" */,
				50C445A62BC8202600C515E6 /* XCRemoteSwiftPackageReference "ReactiveDataDisplayManager" */,
				5097DF472BCD62AA00D422EE /* XCLocalSwiftPackageReference "../NodeKit" */,
				5097DF9B2BCDAB2500D422EE /* XCLocalSwiftPackageReference "Models" */,
				5097DFA12BCDADAB00D422EE /* XCLocalSwiftPackageReference "Services" */,
				5097DFA42BCDB0BE00D422EE /* XCLocalSwiftPackageReference "MockServer" */,
				50B5697E2BD183F00054DC09 /* XCRemoteSwiftPackageReference "iOS-Utils" */,
				50B569812BD184150054DC09 /* XCRemoteSwiftPackageReference "Nuke" */,
				50B5698A2BD18F040054DC09 /* XCRemoteSwiftPackageReference "SnapKit" */,
			);
			productRefGroup = B96CD44A1FDC5B1600F5A107 /* Products */;
			projectDirPath = "";
			projectRoot = "";
			targets = (
				B96CD4481FDC5B1600F5A107 /* Example */,
			);
		};
/* End PBXProject section */

/* Begin PBXResourcesBuildPhase section */
		B96CD4471FDC5B1600F5A107 /* Resources */ = {
			isa = PBXResourcesBuildPhase;
			buildActionMask = 2147483647;
			files = (
				B96CD4571FDC5B1600F5A107 /* LaunchScreen.storyboard in Resources */,
				4FA424232075D346004AEDF6 /* Message.xib in Resources */,
				50B569872BD186BB0054DC09 /* PaginationCell.xib in Resources */,
				5097DF562BCD666000D422EE /* FeatureListViewController.storyboard in Resources */,
				5097DF7A2BCD8B1300D422EE /* PaginationViewController.storyboard in Resources */,
				5097DF852BCDA58C00D422EE /* GroupViewController.storyboard in Resources */,
				B96CD4541FDC5B1600F5A107 /* Assets.xcassets in Resources */,
				5097DF682BCD73E100D422EE /* FeatureCell.xib in Resources */,
				5097DF642BCD6E3300D422EE /* LoginViewController.storyboard in Resources */,
			);
			runOnlyForDeploymentPostprocessing = 0;
		};
/* End PBXResourcesBuildPhase section */

/* Begin PBXSourcesBuildPhase section */
		B96CD4451FDC5B1600F5A107 /* Sources */ = {
			isa = PBXSourcesBuildPhase;
			buildActionMask = 2147483647;
			files = (
				50B569892BD188D80054DC09 /* BaseLoadingSubview.swift in Sources */,
				B97D3E5C1FDC83950039DB92 /* LoginPresenter.swift in Sources */,
				5097DF6E2BCD79C300D422EE /* FeatureCellViewModel.swift in Sources */,
				B96CD44F1FDC5B1600F5A107 /* LoginViewController.swift in Sources */,
				50C445CE2BC8736B00C515E6 /* PaginationLoadingView.swift in Sources */,
				4FA424222075D346004AEDF6 /* Message.swift in Sources */,
				5097DF722BCD7B7400D422EE /* FeatureListRouter.swift in Sources */,
				5097DF502BCD641D00D422EE /* LoginRouter.swift in Sources */,
				5097DF622BCD6BB000D422EE /* LoginConfigurator.swift in Sources */,
				B96CD44D1FDC5B1600F5A107 /* AppDelegate.swift in Sources */,
				5097DF5E2BCD692800D422EE /* ErrorRepresentable.swift in Sources */,
				4F1DDBD3207B2D2500E0CEB4 /* PaginationPresenter.swift in Sources */,
				5097DF762BCD8AE400D422EE /* PaginationViewController.swift in Sources */,
				5097DF702BCD7B0500D422EE /* FeatureListPresenter.swift in Sources */,
				5097DF802BCD8FD400D422EE /* PaginationConfigurator.swift in Sources */,
				5097DF662BCD73D700D422EE /* FeatureCell.swift in Sources */,
				5097DF592BCD66C400D422EE /* FeatureListViewController.swift in Sources */,
				5097DF832BCDA57700D422EE /* GroupViewController.swift in Sources */,
				5097DF5C2BCD67AF00D422EE /* UIStoryboard+Extension.swift in Sources */,
				5097DF7E2BCD8C9100D422EE /* PaginationRouter.swift in Sources */,
				5097DF602BCD6A3600D422EE /* Credentials.swift in Sources */,
				5097DF892BCDA5B900D422EE /* GroupConfigurator.swift in Sources */,
				5097DF872BCDA5A300D422EE /* GroupPresenter.swift in Sources */,
				4F17501B207B276E0063C67D /* PaginationCell.swift in Sources */,
				5097DFB22BCE00AB00D422EE /* GroupViewModelProvider.swift in Sources */,
				5097DF522BCD65E600D422EE /* FeatureListConfigurator.swift in Sources */,
				4F17501D207B27B90063C67D /* PaginationCellViewModel.swift in Sources */,
			);
			runOnlyForDeploymentPostprocessing = 0;
		};
/* End PBXSourcesBuildPhase section */

/* Begin PBXVariantGroup section */
		B96CD4551FDC5B1600F5A107 /* LaunchScreen.storyboard */ = {
			isa = PBXVariantGroup;
			children = (
				B96CD4561FDC5B1600F5A107 /* Base */,
			);
			name = LaunchScreen.storyboard;
			sourceTree = "<group>";
		};
/* End PBXVariantGroup section */

/* Begin XCBuildConfiguration section */
		B96CD4591FDC5B1600F5A107 /* Debug */ = {
			isa = XCBuildConfiguration;
			buildSettings = {
				ALWAYS_SEARCH_USER_PATHS = NO;
				CLANG_ANALYZER_NONNULL = YES;
				CLANG_ANALYZER_NUMBER_OBJECT_CONVERSION = YES_AGGRESSIVE;
				CLANG_CXX_LANGUAGE_STANDARD = "gnu++14";
				CLANG_CXX_LIBRARY = "libc++";
				CLANG_ENABLE_MODULES = YES;
				CLANG_ENABLE_OBJC_ARC = YES;
				CLANG_WARN_BLOCK_CAPTURE_AUTORELEASING = YES;
				CLANG_WARN_BOOL_CONVERSION = YES;
				CLANG_WARN_COMMA = YES;
				CLANG_WARN_CONSTANT_CONVERSION = YES;
				CLANG_WARN_DEPRECATED_OBJC_IMPLEMENTATIONS = YES;
				CLANG_WARN_DIRECT_OBJC_ISA_USAGE = YES_ERROR;
				CLANG_WARN_DOCUMENTATION_COMMENTS = YES;
				CLANG_WARN_EMPTY_BODY = YES;
				CLANG_WARN_ENUM_CONVERSION = YES;
				CLANG_WARN_INFINITE_RECURSION = YES;
				CLANG_WARN_INT_CONVERSION = YES;
				CLANG_WARN_NON_LITERAL_NULL_CONVERSION = YES;
				CLANG_WARN_OBJC_IMPLICIT_RETAIN_SELF = YES;
				CLANG_WARN_OBJC_LITERAL_CONVERSION = YES;
				CLANG_WARN_OBJC_ROOT_CLASS = YES_ERROR;
				CLANG_WARN_RANGE_LOOP_ANALYSIS = YES;
				CLANG_WARN_STRICT_PROTOTYPES = YES;
				CLANG_WARN_SUSPICIOUS_MOVE = YES;
				CLANG_WARN_UNGUARDED_AVAILABILITY = YES_AGGRESSIVE;
				CLANG_WARN_UNREACHABLE_CODE = YES;
				CLANG_WARN__DUPLICATE_METHOD_MATCH = YES;
				CODE_SIGN_IDENTITY = "iPhone Developer";
				COPY_PHASE_STRIP = NO;
				DEBUG_INFORMATION_FORMAT = dwarf;
				ENABLE_STRICT_OBJC_MSGSEND = YES;
				ENABLE_TESTABILITY = YES;
				GCC_C_LANGUAGE_STANDARD = gnu11;
				GCC_DYNAMIC_NO_PIC = NO;
				GCC_NO_COMMON_BLOCKS = YES;
				GCC_OPTIMIZATION_LEVEL = 0;
				GCC_PREPROCESSOR_DEFINITIONS = (
					"DEBUG=1",
					"$(inherited)",
				);
				GCC_WARN_64_TO_32_BIT_CONVERSION = YES;
				GCC_WARN_ABOUT_RETURN_TYPE = YES_ERROR;
				GCC_WARN_UNDECLARED_SELECTOR = YES;
				GCC_WARN_UNINITIALIZED_AUTOS = YES_AGGRESSIVE;
				GCC_WARN_UNUSED_FUNCTION = YES;
				GCC_WARN_UNUSED_VARIABLE = YES;
				IPHONEOS_DEPLOYMENT_TARGET = 13.0;
				MTL_ENABLE_DEBUG_INFO = YES;
				ONLY_ACTIVE_ARCH = YES;
				SDKROOT = iphoneos;
				SWIFT_ACTIVE_COMPILATION_CONDITIONS = DEBUG;
				SWIFT_OPTIMIZATION_LEVEL = "-Onone";
			};
			name = Debug;
		};
		B96CD45A1FDC5B1600F5A107 /* Release */ = {
			isa = XCBuildConfiguration;
			buildSettings = {
				ALWAYS_SEARCH_USER_PATHS = NO;
				CLANG_ANALYZER_NONNULL = YES;
				CLANG_ANALYZER_NUMBER_OBJECT_CONVERSION = YES_AGGRESSIVE;
				CLANG_CXX_LANGUAGE_STANDARD = "gnu++14";
				CLANG_CXX_LIBRARY = "libc++";
				CLANG_ENABLE_MODULES = YES;
				CLANG_ENABLE_OBJC_ARC = YES;
				CLANG_WARN_BLOCK_CAPTURE_AUTORELEASING = YES;
				CLANG_WARN_BOOL_CONVERSION = YES;
				CLANG_WARN_COMMA = YES;
				CLANG_WARN_CONSTANT_CONVERSION = YES;
				CLANG_WARN_DEPRECATED_OBJC_IMPLEMENTATIONS = YES;
				CLANG_WARN_DIRECT_OBJC_ISA_USAGE = YES_ERROR;
				CLANG_WARN_DOCUMENTATION_COMMENTS = YES;
				CLANG_WARN_EMPTY_BODY = YES;
				CLANG_WARN_ENUM_CONVERSION = YES;
				CLANG_WARN_INFINITE_RECURSION = YES;
				CLANG_WARN_INT_CONVERSION = YES;
				CLANG_WARN_NON_LITERAL_NULL_CONVERSION = YES;
				CLANG_WARN_OBJC_IMPLICIT_RETAIN_SELF = YES;
				CLANG_WARN_OBJC_LITERAL_CONVERSION = YES;
				CLANG_WARN_OBJC_ROOT_CLASS = YES_ERROR;
				CLANG_WARN_RANGE_LOOP_ANALYSIS = YES;
				CLANG_WARN_STRICT_PROTOTYPES = YES;
				CLANG_WARN_SUSPICIOUS_MOVE = YES;
				CLANG_WARN_UNGUARDED_AVAILABILITY = YES_AGGRESSIVE;
				CLANG_WARN_UNREACHABLE_CODE = YES;
				CLANG_WARN__DUPLICATE_METHOD_MATCH = YES;
				CODE_SIGN_IDENTITY = "iPhone Developer";
				COPY_PHASE_STRIP = NO;
				DEBUG_INFORMATION_FORMAT = "dwarf-with-dsym";
				ENABLE_NS_ASSERTIONS = NO;
				ENABLE_STRICT_OBJC_MSGSEND = YES;
				GCC_C_LANGUAGE_STANDARD = gnu11;
				GCC_NO_COMMON_BLOCKS = YES;
				GCC_WARN_64_TO_32_BIT_CONVERSION = YES;
				GCC_WARN_ABOUT_RETURN_TYPE = YES_ERROR;
				GCC_WARN_UNDECLARED_SELECTOR = YES;
				GCC_WARN_UNINITIALIZED_AUTOS = YES_AGGRESSIVE;
				GCC_WARN_UNUSED_FUNCTION = YES;
				GCC_WARN_UNUSED_VARIABLE = YES;
				IPHONEOS_DEPLOYMENT_TARGET = 13.0;
				MTL_ENABLE_DEBUG_INFO = NO;
				SDKROOT = iphoneos;
				SWIFT_COMPILATION_MODE = wholemodule;
				SWIFT_OPTIMIZATION_LEVEL = "-O";
				VALIDATE_PRODUCT = YES;
			};
			name = Release;
		};
		B96CD45C1FDC5B1600F5A107 /* Debug */ = {
			isa = XCBuildConfiguration;
			buildSettings = {
				ASSETCATALOG_COMPILER_APPICON_NAME = AppIcon;
				CODE_SIGN_STYLE = Automatic;
				DEVELOPMENT_TEAM = ZJ45BEVK69;
				INFOPLIST_FILE = Example/Info.plist;
				LD_RUNPATH_SEARCH_PATHS = (
					"$(inherited)",
					"@executable_path/Frameworks",
				);
				PRODUCT_BUNDLE_IDENTIFIER = AK.ExampleCoreNetKit;
				PRODUCT_NAME = "$(TARGET_NAME)";
				SWIFT_VERSION = 5.0;
				TARGETED_DEVICE_FAMILY = "1,2";
			};
			name = Debug;
		};
		B96CD45D1FDC5B1600F5A107 /* Release */ = {
			isa = XCBuildConfiguration;
			buildSettings = {
				ASSETCATALOG_COMPILER_APPICON_NAME = AppIcon;
				CODE_SIGN_STYLE = Automatic;
				DEVELOPMENT_TEAM = ZJ45BEVK69;
				INFOPLIST_FILE = Example/Info.plist;
				LD_RUNPATH_SEARCH_PATHS = (
					"$(inherited)",
					"@executable_path/Frameworks",
				);
				PRODUCT_BUNDLE_IDENTIFIER = AK.ExampleCoreNetKit;
				PRODUCT_NAME = "$(TARGET_NAME)";
				SWIFT_VERSION = 5.0;
				TARGETED_DEVICE_FAMILY = "1,2";
			};
			name = Release;
		};
/* End XCBuildConfiguration section */

/* Begin XCConfigurationList section */
		B96CD4441FDC5B1600F5A107 /* Build configuration list for PBXProject "Example" */ = {
			isa = XCConfigurationList;
			buildConfigurations = (
				B96CD4591FDC5B1600F5A107 /* Debug */,
				B96CD45A1FDC5B1600F5A107 /* Release */,
			);
			defaultConfigurationIsVisible = 0;
			defaultConfigurationName = Release;
		};
		B96CD45B1FDC5B1600F5A107 /* Build configuration list for PBXNativeTarget "Example" */ = {
			isa = XCConfigurationList;
			buildConfigurations = (
				B96CD45C1FDC5B1600F5A107 /* Debug */,
				B96CD45D1FDC5B1600F5A107 /* Release */,
			);
			defaultConfigurationIsVisible = 0;
			defaultConfigurationName = Release;
		};
/* End XCConfigurationList section */

/* Begin XCLocalSwiftPackageReference section */
		5097DF472BCD62AA00D422EE /* XCLocalSwiftPackageReference "../NodeKit" */ = {
			isa = XCLocalSwiftPackageReference;
			relativePath = ../NodeKit;
		};
		5097DF9B2BCDAB2500D422EE /* XCLocalSwiftPackageReference "Models" */ = {
			isa = XCLocalSwiftPackageReference;
			relativePath = Models;
		};
		5097DFA12BCDADAB00D422EE /* XCLocalSwiftPackageReference "Services" */ = {
			isa = XCLocalSwiftPackageReference;
			relativePath = Services;
		};
		5097DFA42BCDB0BE00D422EE /* XCLocalSwiftPackageReference "MockServer" */ = {
			isa = XCLocalSwiftPackageReference;
			relativePath = MockServer;
		};
/* End XCLocalSwiftPackageReference section */

/* Begin XCRemoteSwiftPackageReference section */
		50B5697E2BD183F00054DC09 /* XCRemoteSwiftPackageReference "iOS-Utils" */ = {
			isa = XCRemoteSwiftPackageReference;
			repositoryURL = "https://github.com/surfstudio/iOS-Utils";
			requirement = {
				kind = exactVersion;
				version = 13.2.0;
			};
		};
		50B569812BD184150054DC09 /* XCRemoteSwiftPackageReference "Nuke" */ = {
			isa = XCRemoteSwiftPackageReference;
			repositoryURL = "https://github.com/kean/Nuke";
			requirement = {
				kind = exactVersion;
				version = 12.5.0;
			};
		};
		50B5698A2BD18F040054DC09 /* XCRemoteSwiftPackageReference "SnapKit" */ = {
			isa = XCRemoteSwiftPackageReference;
			repositoryURL = "https://github.com/SnapKit/SnapKit";
			requirement = {
				kind = exactVersion;
				version = 5.7.1;
			};
		};
		50C445A02BC81FB300C515E6 /* XCRemoteSwiftPackageReference "SwiftMessages" */ = {
			isa = XCRemoteSwiftPackageReference;
			repositoryURL = "https://github.com/SwiftKickMobile/SwiftMessages";
			requirement = {
				kind = exactVersion;
				version = 10.0.0;
			};
		};
		50C445A62BC8202600C515E6 /* XCRemoteSwiftPackageReference "ReactiveDataDisplayManager" */ = {
			isa = XCRemoteSwiftPackageReference;
			repositoryURL = "https://github.com/surfstudio/ReactiveDataDisplayManager";
			requirement = {
				kind = exactVersion;
				version = 7.4.0;
			};
		};
/* End XCRemoteSwiftPackageReference section */

/* Begin XCSwiftPackageProductDependency section */
		50816A1C2BC6E6DE00A43F3D /* NodeKit */ = {
			isa = XCSwiftPackageProductDependency;
			productName = NodeKit;
		};
		50816B2A2BC70ACB00A43F3D /* NodeKit */ = {
			isa = XCSwiftPackageProductDependency;
			productName = NodeKit;
		};
		5097DF3E2BCD614A00D422EE /* NodeKit */ = {
			isa = XCSwiftPackageProductDependency;
			productName = NodeKit;
		};
		5097DF412BCD624700D422EE /* NodeKit */ = {
			isa = XCSwiftPackageProductDependency;
			productName = NodeKit;
		};
		5097DF432BCD624700D422EE /* NodeKitMock */ = {
			isa = XCSwiftPackageProductDependency;
			productName = NodeKitMock;
		};
		5097DF482BCD62AA00D422EE /* NodeKit */ = {
			isa = XCSwiftPackageProductDependency;
			productName = NodeKit;
		};
		5097DF4A2BCD62AA00D422EE /* NodeKitMock */ = {
			isa = XCSwiftPackageProductDependency;
			productName = NodeKitMock;
		};
		5097DF9C2BCDAB2500D422EE /* Models */ = {
			isa = XCSwiftPackageProductDependency;
			productName = Models;
		};
		5097DF9F2BCDAD9500D422EE /* Services */ = {
			isa = XCSwiftPackageProductDependency;
			productName = Services;
		};
		5097DFA22BCDADAB00D422EE /* Services */ = {
			isa = XCSwiftPackageProductDependency;
			productName = Services;
		};
		5097DFA52BCDB0BE00D422EE /* MockServer */ = {
			isa = XCSwiftPackageProductDependency;
			productName = MockServer;
		};
		50B5697F2BD183F00054DC09 /* Utils */ = {
			isa = XCSwiftPackageProductDependency;
			package = 50B5697E2BD183F00054DC09 /* XCRemoteSwiftPackageReference "iOS-Utils" */;
			productName = Utils;
		};
		50B569822BD184150054DC09 /* Nuke */ = {
			isa = XCSwiftPackageProductDependency;
			package = 50B569812BD184150054DC09 /* XCRemoteSwiftPackageReference "Nuke" */;
			productName = Nuke;
		};
		50B569842BD184AD0054DC09 /* NukeExtensions */ = {
			isa = XCSwiftPackageProductDependency;
			package = 50B569812BD184150054DC09 /* XCRemoteSwiftPackageReference "Nuke" */;
			productName = NukeExtensions;
		};
		50B5698B2BD18F040054DC09 /* SnapKit */ = {
			isa = XCSwiftPackageProductDependency;
			package = 50B5698A2BD18F040054DC09 /* XCRemoteSwiftPackageReference "SnapKit" */;
			productName = SnapKit;
		};
		50C445A12BC81FB300C515E6 /* SwiftMessages */ = {
			isa = XCSwiftPackageProductDependency;
			package = 50C445A02BC81FB300C515E6 /* XCRemoteSwiftPackageReference "SwiftMessages" */;
			productName = SwiftMessages;
		};
		50C445A72BC8202700C515E6 /* ReactiveDataDisplayManager */ = {
			isa = XCSwiftPackageProductDependency;
			package = 50C445A62BC8202600C515E6 /* XCRemoteSwiftPackageReference "ReactiveDataDisplayManager" */;
			productName = ReactiveDataDisplayManager;
		};
/* End XCSwiftPackageProductDependency section */
	};
	rootObject = B96CD4411FDC5B1600F5A107 /* Project object */;
}
